// !$*UTF8*$!
{
	archiveVersion = 1;
	classes = {
	};
	objectVersion = 46;
	objects = {

/* Begin PBXBuildFile section */
		2B53ED9C190B88410057A654 /* iOS SDK V3.0使用说明.pdf in Resources */ = {isa = PBXBuildFile; fileRef = 2B53ED10190B88410057A654 /* iOS SDK V3.0使用说明.pdf */; };
		2B53ED9D190B88410057A654 /* 人人网开放平台安全支付1.0.pdf in Resources */ = {isa = PBXBuildFile; fileRef = 2B53ED11190B88410057A654 /* 人人网开放平台安全支付1.0.pdf */; };
		2B53ED9E190B88410057A654 /* FMDatabase.m in Sources */ = {isa = PBXBuildFile; fileRef = 2B53ED14190B88410057A654 /* FMDatabase.m */; settings = {COMPILER_FLAGS = "-fno-objc-arc"; }; };
		2B53ED9F190B88410057A654 /* FMDatabaseAdditions.m in Sources */ = {isa = PBXBuildFile; fileRef = 2B53ED16190B88410057A654 /* FMDatabaseAdditions.m */; settings = {COMPILER_FLAGS = "-fno-objc-arc"; }; };
		2B53EDA0190B88410057A654 /* FMResultSet.m in Sources */ = {isa = PBXBuildFile; fileRef = 2B53ED18190B88410057A654 /* FMResultSet.m */; settings = {COMPILER_FLAGS = "-fno-objc-arc"; }; };
		2B53EDA1190B88410057A654 /* NSObject+SBJSON.m in Sources */ = {isa = PBXBuildFile; fileRef = 2B53ED1C190B88410057A654 /* NSObject+SBJSON.m */; settings = {COMPILER_FLAGS = "-fno-objc-arc"; }; };
		2B53EDA2190B88410057A654 /* NSString+SBJSON.m in Sources */ = {isa = PBXBuildFile; fileRef = 2B53ED1E190B88410057A654 /* NSString+SBJSON.m */; settings = {COMPILER_FLAGS = "-fno-objc-arc"; }; };
		2B53EDA3190B88410057A654 /* SBJSON.m in Sources */ = {isa = PBXBuildFile; fileRef = 2B53ED20190B88410057A654 /* SBJSON.m */; settings = {COMPILER_FLAGS = "-fno-objc-arc"; }; };
		2B53EDA4190B88410057A654 /* SBJsonBase.m in Sources */ = {isa = PBXBuildFile; fileRef = 2B53ED22190B88410057A654 /* SBJsonBase.m */; settings = {COMPILER_FLAGS = "-fno-objc-arc"; }; };
		2B53EDA5190B88410057A654 /* SBJsonParser.m in Sources */ = {isa = PBXBuildFile; fileRef = 2B53ED24190B88410057A654 /* SBJsonParser.m */; settings = {COMPILER_FLAGS = "-fno-objc-arc"; }; };
		2B53EDA6190B88410057A654 /* SBJsonWriter.m in Sources */ = {isa = PBXBuildFile; fileRef = 2B53ED26190B88410057A654 /* SBJsonWriter.m */; settings = {COMPILER_FLAGS = "-fno-objc-arc"; }; };
		2B53EDA7190B88410057A654 /* Renren.m in Sources */ = {isa = PBXBuildFile; fileRef = 2B53ED29190B88410057A654 /* Renren.m */; settings = {COMPILER_FLAGS = "-fno-objc-arc"; }; };
		2B53EDA8190B88410057A654 /* RenrenPay.m in Sources */ = {isa = PBXBuildFile; fileRef = 2B53ED2B190B88410057A654 /* RenrenPay.m */; settings = {COMPILER_FLAGS = "-fno-objc-arc"; }; };
		2B53EDA9190B88410057A654 /* ROBaseDialogViewController.m in Sources */ = {isa = PBXBuildFile; fileRef = 2B53ED2F190B88410057A654 /* ROBaseDialogViewController.m */; settings = {COMPILER_FLAGS = "-fno-objc-arc"; }; };
		2B53EDAA190B88410057A654 /* ROCheckDialogViewController.m in Sources */ = {isa = PBXBuildFile; fileRef = 2B53ED31190B88410057A654 /* ROCheckDialogViewController.m */; settings = {COMPILER_FLAGS = "-fno-objc-arc"; }; };
		2B53EDAB190B88410057A654 /* ROPayDialogViewController.m in Sources */ = {isa = PBXBuildFile; fileRef = 2B53ED33190B88410057A654 /* ROPayDialogViewController.m */; settings = {COMPILER_FLAGS = "-fno-objc-arc"; }; };
		2B53EDAC190B88410057A654 /* ROWebDialogViewController.m in Sources */ = {isa = PBXBuildFile; fileRef = 2B53ED35190B88410057A654 /* ROWebDialogViewController.m */; settings = {COMPILER_FLAGS = "-fno-objc-arc"; }; };
		2B53EDAD190B88410057A654 /* ROError.m in Sources */ = {isa = PBXBuildFile; fileRef = 2B53ED38190B88410057A654 /* ROError.m */; settings = {COMPILER_FLAGS = "-fno-objc-arc"; }; };
		2B53EDAE190B88410057A654 /* ROPayError.m in Sources */ = {isa = PBXBuildFile; fileRef = 2B53ED3A190B88410057A654 /* ROPayError.m */; settings = {COMPILER_FLAGS = "-fno-objc-arc"; }; };
		2B53EDAF190B88410057A654 /* bottom-bar.png in Resources */ = {isa = PBXBuildFile; fileRef = 2B53ED3C190B88410057A654 /* bottom-bar.png */; };
		2B53EDB0190B88410057A654 /* bottom-bar@2x.png in Resources */ = {isa = PBXBuildFile; fileRef = 2B53ED3D190B88410057A654 /* bottom-bar@2x.png */; };
		2B53EDB1190B88410057A654 /* close.png in Resources */ = {isa = PBXBuildFile; fileRef = 2B53ED3E190B88410057A654 /* close.png */; };
		2B53EDB2190B88410057A654 /* close@2x.png in Resources */ = {isa = PBXBuildFile; fileRef = 2B53ED3F190B88410057A654 /* close@2x.png */; };
		2B53EDB3190B88410057A654 /* close_selected.png in Resources */ = {isa = PBXBuildFile; fileRef = 2B53ED40190B88410057A654 /* close_selected.png */; };
		2B53EDB4190B88410057A654 /* close_selected@2x.png in Resources */ = {isa = PBXBuildFile; fileRef = 2B53ED41190B88410057A654 /* close_selected@2x.png */; };
		2B53EDB5190B88410057A654 /* head-frame.png in Resources */ = {isa = PBXBuildFile; fileRef = 2B53ED42190B88410057A654 /* head-frame.png */; };
		2B53EDB6190B88410057A654 /* head-frame@2x.png in Resources */ = {isa = PBXBuildFile; fileRef = 2B53ED43190B88410057A654 /* head-frame@2x.png */; };
		2B53EDB7190B88410057A654 /* input-frame.png in Resources */ = {isa = PBXBuildFile; fileRef = 2B53ED44190B88410057A654 /* input-frame.png */; };
		2B53EDB8190B88410057A654 /* input-frame@2x.png in Resources */ = {isa = PBXBuildFile; fileRef = 2B53ED45190B88410057A654 /* input-frame@2x.png */; };
		2B53EDB9190B88410057A654 /* PayLogo.png in Resources */ = {isa = PBXBuildFile; fileRef = 2B53ED46190B88410057A654 /* PayLogo.png */; };
		2B53EDBA190B88410057A654 /* PayLogo@2x.png in Resources */ = {isa = PBXBuildFile; fileRef = 2B53ED47190B88410057A654 /* PayLogo@2x.png */; };
		2B53EDBB190B88410057A654 /* photo-frame.png in Resources */ = {isa = PBXBuildFile; fileRef = 2B53ED48190B88410057A654 /* photo-frame.png */; };
		2B53EDBC190B88410057A654 /* photo-frame@2x.png in Resources */ = {isa = PBXBuildFile; fileRef = 2B53ED49190B88410057A654 /* photo-frame@2x.png */; };
		2B53EDBD190B88410057A654 /* renren-logo-top-bar.png in Resources */ = {isa = PBXBuildFile; fileRef = 2B53ED4A190B88410057A654 /* renren-logo-top-bar.png */; };
		2B53EDBE190B88410057A654 /* renren-logo-top-bar@2x.png in Resources */ = {isa = PBXBuildFile; fileRef = 2B53ED4B190B88410057A654 /* renren-logo-top-bar@2x.png */; };
		2B53EDBF190B88410057A654 /* RepairButton.png in Resources */ = {isa = PBXBuildFile; fileRef = 2B53ED4C190B88410057A654 /* RepairButton.png */; };
		2B53EDC0190B88410057A654 /* RepairButton@2x.png in Resources */ = {isa = PBXBuildFile; fileRef = 2B53ED4D190B88410057A654 /* RepairButton@2x.png */; };
		2B53EDC1190B88410057A654 /* small-button-normal.png in Resources */ = {isa = PBXBuildFile; fileRef = 2B53ED4E190B88410057A654 /* small-button-normal.png */; };
		2B53EDC2190B88410057A654 /* small-button-normal@2x.png in Resources */ = {isa = PBXBuildFile; fileRef = 2B53ED4F190B88410057A654 /* small-button-normal@2x.png */; };
		2B53EDC3190B88410057A654 /* ROBaseNavigationViewController.m in Sources */ = {isa = PBXBuildFile; fileRef = 2B53ED52190B88410057A654 /* ROBaseNavigationViewController.m */; settings = {COMPILER_FLAGS = "-fno-objc-arc"; }; };
		2B53EDC4190B88410057A654 /* ROCheckNavigationViewController.m in Sources */ = {isa = PBXBuildFile; fileRef = 2B53ED54190B88410057A654 /* ROCheckNavigationViewController.m */; settings = {COMPILER_FLAGS = "-fno-objc-arc"; }; };
		2B53EDC5190B88410057A654 /* ROPayNavigationViewController.m in Sources */ = {isa = PBXBuildFile; fileRef = 2B53ED56190B88410057A654 /* ROPayNavigationViewController.m */; settings = {COMPILER_FLAGS = "-fno-objc-arc"; }; };
		2B53EDC6190B88410057A654 /* ROWebNavigationViewController.m in Sources */ = {isa = PBXBuildFile; fileRef = 2B53ED58190B88410057A654 /* ROWebNavigationViewController.m */; settings = {COMPILER_FLAGS = "-fno-objc-arc"; }; };
		2B53EDC7190B88410057A654 /* ROPayDB.m in Sources */ = {isa = PBXBuildFile; fileRef = 2B53ED5B190B88410057A654 /* ROPayDB.m */; settings = {COMPILER_FLAGS = "-fno-objc-arc"; }; };
		2B53EDC8190B88410057A654 /* ROPayOrderDao.m in Sources */ = {isa = PBXBuildFile; fileRef = 2B53ED5D190B88410057A654 /* ROPayOrderDao.m */; settings = {COMPILER_FLAGS = "-fno-objc-arc"; }; };
		2B53EDC9190B88410057A654 /* ROPayOrderInfo.m in Sources */ = {isa = PBXBuildFile; fileRef = 2B53ED5F190B88410057A654 /* ROPayOrderInfo.m */; settings = {COMPILER_FLAGS = "-fno-objc-arc"; }; };
		2B53EDCA190B88410057A654 /* ROAlbumsInfoRequestParam.m in Sources */ = {isa = PBXBuildFile; fileRef = 2B53ED63190B88410057A654 /* ROAlbumsInfoRequestParam.m */; settings = {COMPILER_FLAGS = "-fno-objc-arc"; }; };
		2B53EDCB190B88410057A654 /* ROCreateAlbumRequestParam.m in Sources */ = {isa = PBXBuildFile; fileRef = 2B53ED65190B88410057A654 /* ROCreateAlbumRequestParam.m */; settings = {COMPILER_FLAGS = "-fno-objc-arc"; }; };
		2B53EDCC190B88410057A654 /* ROGetFriendsInfoRequestParam.m in Sources */ = {isa = PBXBuildFile; fileRef = 2B53ED67190B88410057A654 /* ROGetFriendsInfoRequestParam.m */; settings = {COMPILER_FLAGS = "-fno-objc-arc"; }; };
		2B53EDCD190B88410057A654 /* ROGetFriendsRequestParam.m in Sources */ = {isa = PBXBuildFile; fileRef = 2B53ED69190B88410057A654 /* ROGetFriendsRequestParam.m */; settings = {COMPILER_FLAGS = "-fno-objc-arc"; }; };
		2B53EDCE190B88410057A654 /* ROPasswordFlowRequestParam.m in Sources */ = {isa = PBXBuildFile; fileRef = 2B53ED6B190B88410057A654 /* ROPasswordFlowRequestParam.m */; settings = {COMPILER_FLAGS = "-fno-objc-arc"; }; };
		2B53EDCF190B88410057A654 /* ROPublishPhotoRequestParam.m in Sources */ = {isa = PBXBuildFile; fileRef = 2B53ED6D190B88410057A654 /* ROPublishPhotoRequestParam.m */; settings = {COMPILER_FLAGS = "-fno-objc-arc"; }; };
		2B53EDD0190B88410057A654 /* RORequestParam.m in Sources */ = {isa = PBXBuildFile; fileRef = 2B53ED6F190B88410057A654 /* RORequestParam.m */; settings = {COMPILER_FLAGS = "-fno-objc-arc"; }; };
		2B53EDD1190B88410057A654 /* ROUserInfoRequestParam.m in Sources */ = {isa = PBXBuildFile; fileRef = 2B53ED71190B88410057A654 /* ROUserInfoRequestParam.m */; settings = {COMPILER_FLAGS = "-fno-objc-arc"; }; };
		2B53EDD2190B88410057A654 /* ROAlbumResponseltem.m in Sources */ = {isa = PBXBuildFile; fileRef = 2B53ED74190B88410057A654 /* ROAlbumResponseltem.m */; settings = {COMPILER_FLAGS = "-fno-objc-arc"; }; };
		2B53EDD3190B88410057A654 /* ROCreateAlbumResponseItem.m in Sources */ = {isa = PBXBuildFile; fileRef = 2B53ED76190B88410057A654 /* ROCreateAlbumResponseItem.m */; settings = {COMPILER_FLAGS = "-fno-objc-arc"; }; };
		2B53EDD4190B88410057A654 /* ROFriendResponseItem.m in Sources */ = {isa = PBXBuildFile; fileRef = 2B53ED78190B88410057A654 /* ROFriendResponseItem.m */; settings = {COMPILER_FLAGS = "-fno-objc-arc"; }; };
		2B53EDD5190B88410057A654 /* ROPublishPhotoResponseItem.m in Sources */ = {isa = PBXBuildFile; fileRef = 2B53ED7A190B88410057A654 /* ROPublishPhotoResponseItem.m */; settings = {COMPILER_FLAGS = "-fno-objc-arc"; }; };
		2B53EDD6190B88410057A654 /* ROResponseItem.m in Sources */ = {isa = PBXBuildFile; fileRef = 2B53ED7C190B88410057A654 /* ROResponseItem.m */; settings = {COMPILER_FLAGS = "-fno-objc-arc"; }; };
		2B53EDD7190B88410057A654 /* ROUserResponseItem.m in Sources */ = {isa = PBXBuildFile; fileRef = 2B53ED7E190B88410057A654 /* ROUserResponseItem.m */; settings = {COMPILER_FLAGS = "-fno-objc-arc"; }; };
		2B53EDD8190B88410057A654 /* RORequest.m in Sources */ = {isa = PBXBuildFile; fileRef = 2B53ED80190B88410057A654 /* RORequest.m */; settings = {COMPILER_FLAGS = "-fno-objc-arc"; }; };
		2B53EDD9190B88410057A654 /* ROResponse.m in Sources */ = {isa = PBXBuildFile; fileRef = 2B53ED82190B88410057A654 /* ROResponse.m */; settings = {COMPILER_FLAGS = "-fno-objc-arc"; }; };
		2B53EDDA190B88410057A654 /* ROUtility.m in Sources */ = {isa = PBXBuildFile; fileRef = 2B53ED86190B88410057A654 /* ROUtility.m */; settings = {COMPILER_FLAGS = "-fno-objc-arc"; }; };
		2B53EDDB190B88410057A654 /* ROCheckOrderCell.m in Sources */ = {isa = PBXBuildFile; fileRef = 2B53ED89190B88410057A654 /* ROCheckOrderCell.m */; settings = {COMPILER_FLAGS = "-fno-objc-arc"; }; };
		2B53EDDC190B88410057A654 /* ROCheckOrderCell.xib in Resources */ = {isa = PBXBuildFile; fileRef = 2B53ED8A190B88410057A654 /* ROCheckOrderCell.xib */; };
		2B53EDDD190B88410057A654 /* RODialogModel.m in Sources */ = {isa = PBXBuildFile; fileRef = 2B53ED8D190B88410057A654 /* RODialogModel.m */; settings = {COMPILER_FLAGS = "-fno-objc-arc"; }; };
		2B53EDDE190B88410057A654 /* RODialogView.m in Sources */ = {isa = PBXBuildFile; fileRef = 2B53ED8F190B88410057A654 /* RODialogView.m */; settings = {COMPILER_FLAGS = "-fno-objc-arc"; }; };
		2B53EDDF190B88410057A654 /* ROCloseButton.m in Sources */ = {isa = PBXBuildFile; fileRef = 2B53ED92190B88410057A654 /* ROCloseButton.m */; settings = {COMPILER_FLAGS = "-fno-objc-arc"; }; };
		2B53EDE0190B88410057A654 /* ROGlobalStyle.m in Sources */ = {isa = PBXBuildFile; fileRef = 2B53ED94190B88410057A654 /* ROGlobalStyle.m */; settings = {COMPILER_FLAGS = "-fno-objc-arc"; }; };
		2B53EDE1190B88410057A654 /* ROImageView.m in Sources */ = {isa = PBXBuildFile; fileRef = 2B53ED96190B88410057A654 /* ROImageView.m */; settings = {COMPILER_FLAGS = "-fno-objc-arc"; }; };
		2B53EDE2190B88410057A654 /* ROPublishPhotoDialogModel.m in Sources */ = {isa = PBXBuildFile; fileRef = 2B53ED99190B88410057A654 /* ROPublishPhotoDialogModel.m */; settings = {COMPILER_FLAGS = "-fno-objc-arc"; }; };
		2B53EDE3190B88410057A654 /* ROPublishPhotoInternal.m in Sources */ = {isa = PBXBuildFile; fileRef = 2B53ED9B190B88410057A654 /* ROPublishPhotoInternal.m */; settings = {COMPILER_FLAGS = "-fno-objc-arc"; }; };
		2B63EE77190B859D00E30B09 /* libsqlite3.0.dylib in Frameworks */ = {isa = PBXBuildFile; fileRef = 2B63EE76190B859D00E30B09 /* libsqlite3.0.dylib */; };
		2BDBDC80190A70D500BEFD09 /* Foundation.framework in Frameworks */ = {isa = PBXBuildFile; fileRef = 2BDBDC7F190A70D500BEFD09 /* Foundation.framework */; };
		2BDBDC82190A70D500BEFD09 /* CoreGraphics.framework in Frameworks */ = {isa = PBXBuildFile; fileRef = 2BDBDC81190A70D500BEFD09 /* CoreGraphics.framework */; };
		2BDBDC84190A70D500BEFD09 /* UIKit.framework in Frameworks */ = {isa = PBXBuildFile; fileRef = 2BDBDC83190A70D500BEFD09 /* UIKit.framework */; };
		2BDBDC8A190A70D500BEFD09 /* InfoPlist.strings in Resources */ = {isa = PBXBuildFile; fileRef = 2BDBDC88190A70D500BEFD09 /* InfoPlist.strings */; };
		2BDBDC8C190A70D500BEFD09 /* main.m in Sources */ = {isa = PBXBuildFile; fileRef = 2BDBDC8B190A70D500BEFD09 /* main.m */; };
		2BDBDC90190A70D500BEFD09 /* SDAppDelegate.m in Sources */ = {isa = PBXBuildFile; fileRef = 2BDBDC8F190A70D500BEFD09 /* SDAppDelegate.m */; };
		2BDBDC93190A70D500BEFD09 /* Main.storyboard in Resources */ = {isa = PBXBuildFile; fileRef = 2BDBDC91190A70D500BEFD09 /* Main.storyboard */; };
		2BDBDC96190A70D500BEFD09 /* SDViewController.m in Sources */ = {isa = PBXBuildFile; fileRef = 2BDBDC95190A70D500BEFD09 /* SDViewController.m */; };
		2BDBDC98190A70D500BEFD09 /* Images.xcassets in Resources */ = {isa = PBXBuildFile; fileRef = 2BDBDC97190A70D500BEFD09 /* Images.xcassets */; };
		2BDBDC9F190A70D600BEFD09 /* XCTest.framework in Frameworks */ = {isa = PBXBuildFile; fileRef = 2BDBDC9E190A70D600BEFD09 /* XCTest.framework */; };
		2BDBDCA0190A70D600BEFD09 /* Foundation.framework in Frameworks */ = {isa = PBXBuildFile; fileRef = 2BDBDC7F190A70D500BEFD09 /* Foundation.framework */; };
		2BDBDCA1190A70D600BEFD09 /* UIKit.framework in Frameworks */ = {isa = PBXBuildFile; fileRef = 2BDBDC83190A70D500BEFD09 /* UIKit.framework */; };
		2BDBDCA9190A70D600BEFD09 /* InfoPlist.strings in Resources */ = {isa = PBXBuildFile; fileRef = 2BDBDCA7190A70D600BEFD09 /* InfoPlist.strings */; };
		2BDBDCAB190A70D600BEFD09 /* shudongTests.m in Sources */ = {isa = PBXBuildFile; fileRef = 2BDBDCAA190A70D600BEFD09 /* shudongTests.m */; };
		9E5C4E9B7A974BB0AF9B7B87 /* libPods.a in Frameworks */ = {isa = PBXBuildFile; fileRef = 32DE6D10F85344DDBFC9682B /* libPods.a */; };
/* End PBXBuildFile section */

/* Begin PBXContainerItemProxy section */
		2BDBDCA2190A70D600BEFD09 /* PBXContainerItemProxy */ = {
			isa = PBXContainerItemProxy;
			containerPortal = 2BDBDC74190A70D500BEFD09 /* Project object */;
			proxyType = 1;
			remoteGlobalIDString = 2BDBDC7B190A70D500BEFD09;
			remoteInfo = shudong;
		};
/* End PBXContainerItemProxy section */

/* Begin PBXFileReference section */
		2B53ED10190B88410057A654 /* iOS SDK V3.0使用说明.pdf */ = {isa = PBXFileReference; lastKnownFileType = image.pdf; path = "iOS SDK V3.0使用说明.pdf"; sourceTree = "<group>"; };
		2B53ED11190B88410057A654 /* 人人网开放平台安全支付1.0.pdf */ = {isa = PBXFileReference; lastKnownFileType = image.pdf; path = "人人网开放平台安全支付1.0.pdf"; sourceTree = "<group>"; };
		2B53ED13190B88410057A654 /* FMDatabase.h */ = {isa = PBXFileReference; fileEncoding = 4; lastKnownFileType = sourcecode.c.h; path = FMDatabase.h; sourceTree = "<group>"; };
		2B53ED14190B88410057A654 /* FMDatabase.m */ = {isa = PBXFileReference; fileEncoding = 4; lastKnownFileType = sourcecode.c.objc; path = FMDatabase.m; sourceTree = "<group>"; };
		2B53ED15190B88410057A654 /* FMDatabaseAdditions.h */ = {isa = PBXFileReference; fileEncoding = 4; lastKnownFileType = sourcecode.c.h; path = FMDatabaseAdditions.h; sourceTree = "<group>"; };
		2B53ED16190B88410057A654 /* FMDatabaseAdditions.m */ = {isa = PBXFileReference; fileEncoding = 4; lastKnownFileType = sourcecode.c.objc; path = FMDatabaseAdditions.m; sourceTree = "<group>"; };
		2B53ED17190B88410057A654 /* FMResultSet.h */ = {isa = PBXFileReference; fileEncoding = 4; lastKnownFileType = sourcecode.c.h; path = FMResultSet.h; sourceTree = "<group>"; };
		2B53ED18190B88410057A654 /* FMResultSet.m */ = {isa = PBXFileReference; fileEncoding = 4; lastKnownFileType = sourcecode.c.objc; path = FMResultSet.m; sourceTree = "<group>"; };
		2B53ED1A190B88410057A654 /* JSON.h */ = {isa = PBXFileReference; fileEncoding = 4; lastKnownFileType = sourcecode.c.h; path = JSON.h; sourceTree = "<group>"; };
		2B53ED1B190B88410057A654 /* NSObject+SBJSON.h */ = {isa = PBXFileReference; fileEncoding = 4; lastKnownFileType = sourcecode.c.h; path = "NSObject+SBJSON.h"; sourceTree = "<group>"; };
		2B53ED1C190B88410057A654 /* NSObject+SBJSON.m */ = {isa = PBXFileReference; fileEncoding = 4; lastKnownFileType = sourcecode.c.objc; path = "NSObject+SBJSON.m"; sourceTree = "<group>"; };
		2B53ED1D190B88410057A654 /* NSString+SBJSON.h */ = {isa = PBXFileReference; fileEncoding = 4; lastKnownFileType = sourcecode.c.h; path = "NSString+SBJSON.h"; sourceTree = "<group>"; };
		2B53ED1E190B88410057A654 /* NSString+SBJSON.m */ = {isa = PBXFileReference; fileEncoding = 4; lastKnownFileType = sourcecode.c.objc; path = "NSString+SBJSON.m"; sourceTree = "<group>"; };
		2B53ED1F190B88410057A654 /* SBJSON.h */ = {isa = PBXFileReference; fileEncoding = 4; lastKnownFileType = sourcecode.c.h; path = SBJSON.h; sourceTree = "<group>"; };
		2B53ED20190B88410057A654 /* SBJSON.m */ = {isa = PBXFileReference; fileEncoding = 4; lastKnownFileType = sourcecode.c.objc; path = SBJSON.m; sourceTree = "<group>"; };
		2B53ED21190B88410057A654 /* SBJsonBase.h */ = {isa = PBXFileReference; fileEncoding = 4; lastKnownFileType = sourcecode.c.h; path = SBJsonBase.h; sourceTree = "<group>"; };
		2B53ED22190B88410057A654 /* SBJsonBase.m */ = {isa = PBXFileReference; fileEncoding = 4; lastKnownFileType = sourcecode.c.objc; path = SBJsonBase.m; sourceTree = "<group>"; };
		2B53ED23190B88410057A654 /* SBJsonParser.h */ = {isa = PBXFileReference; fileEncoding = 4; lastKnownFileType = sourcecode.c.h; path = SBJsonParser.h; sourceTree = "<group>"; };
		2B53ED24190B88410057A654 /* SBJsonParser.m */ = {isa = PBXFileReference; fileEncoding = 4; lastKnownFileType = sourcecode.c.objc; path = SBJsonParser.m; sourceTree = "<group>"; };
		2B53ED25190B88410057A654 /* SBJsonWriter.h */ = {isa = PBXFileReference; fileEncoding = 4; lastKnownFileType = sourcecode.c.h; path = SBJsonWriter.h; sourceTree = "<group>"; };
		2B53ED26190B88410057A654 /* SBJsonWriter.m */ = {isa = PBXFileReference; fileEncoding = 4; lastKnownFileType = sourcecode.c.objc; path = SBJsonWriter.m; sourceTree = "<group>"; };
		2B53ED28190B88410057A654 /* Renren.h */ = {isa = PBXFileReference; fileEncoding = 4; lastKnownFileType = sourcecode.c.h; path = Renren.h; sourceTree = "<group>"; };
		2B53ED29190B88410057A654 /* Renren.m */ = {isa = PBXFileReference; fileEncoding = 4; lastKnownFileType = sourcecode.c.objc; path = Renren.m; sourceTree = "<group>"; };
		2B53ED2A190B88410057A654 /* RenrenPay.h */ = {isa = PBXFileReference; fileEncoding = 4; lastKnownFileType = sourcecode.c.h; path = RenrenPay.h; sourceTree = "<group>"; };
		2B53ED2B190B88410057A654 /* RenrenPay.m */ = {isa = PBXFileReference; fileEncoding = 4; lastKnownFileType = sourcecode.c.objc; path = RenrenPay.m; sourceTree = "<group>"; };
		2B53ED2C190B88410057A654 /* ROConnect.h */ = {isa = PBXFileReference; fileEncoding = 4; lastKnownFileType = sourcecode.c.h; path = ROConnect.h; sourceTree = "<group>"; };
		2B53ED2E190B88410057A654 /* ROBaseDialogViewController.h */ = {isa = PBXFileReference; fileEncoding = 4; lastKnownFileType = sourcecode.c.h; path = ROBaseDialogViewController.h; sourceTree = "<group>"; };
		2B53ED2F190B88410057A654 /* ROBaseDialogViewController.m */ = {isa = PBXFileReference; fileEncoding = 4; lastKnownFileType = sourcecode.c.objc; path = ROBaseDialogViewController.m; sourceTree = "<group>"; };
		2B53ED30190B88410057A654 /* ROCheckDialogViewController.h */ = {isa = PBXFileReference; fileEncoding = 4; lastKnownFileType = sourcecode.c.h; path = ROCheckDialogViewController.h; sourceTree = "<group>"; };
		2B53ED31190B88410057A654 /* ROCheckDialogViewController.m */ = {isa = PBXFileReference; fileEncoding = 4; lastKnownFileType = sourcecode.c.objc; path = ROCheckDialogViewController.m; sourceTree = "<group>"; };
		2B53ED32190B88410057A654 /* ROPayDialogViewController.h */ = {isa = PBXFileReference; fileEncoding = 4; lastKnownFileType = sourcecode.c.h; path = ROPayDialogViewController.h; sourceTree = "<group>"; };
		2B53ED33190B88410057A654 /* ROPayDialogViewController.m */ = {isa = PBXFileReference; fileEncoding = 4; lastKnownFileType = sourcecode.c.objc; path = ROPayDialogViewController.m; sourceTree = "<group>"; };
		2B53ED34190B88410057A654 /* ROWebDialogViewController.h */ = {isa = PBXFileReference; fileEncoding = 4; lastKnownFileType = sourcecode.c.h; path = ROWebDialogViewController.h; sourceTree = "<group>"; };
		2B53ED35190B88410057A654 /* ROWebDialogViewController.m */ = {isa = PBXFileReference; fileEncoding = 4; lastKnownFileType = sourcecode.c.objc; path = ROWebDialogViewController.m; sourceTree = "<group>"; };
		2B53ED37190B88410057A654 /* ROError.h */ = {isa = PBXFileReference; fileEncoding = 4; lastKnownFileType = sourcecode.c.h; path = ROError.h; sourceTree = "<group>"; };
		2B53ED38190B88410057A654 /* ROError.m */ = {isa = PBXFileReference; fileEncoding = 4; lastKnownFileType = sourcecode.c.objc; path = ROError.m; sourceTree = "<group>"; };
		2B53ED39190B88410057A654 /* ROPayError.h */ = {isa = PBXFileReference; fileEncoding = 4; lastKnownFileType = sourcecode.c.h; path = ROPayError.h; sourceTree = "<group>"; };
		2B53ED3A190B88410057A654 /* ROPayError.m */ = {isa = PBXFileReference; fileEncoding = 4; lastKnownFileType = sourcecode.c.objc; path = ROPayError.m; sourceTree = "<group>"; };
		2B53ED3C190B88410057A654 /* bottom-bar.png */ = {isa = PBXFileReference; lastKnownFileType = image.png; path = "bottom-bar.png"; sourceTree = "<group>"; };
		2B53ED3D190B88410057A654 /* bottom-bar@2x.png */ = {isa = PBXFileReference; lastKnownFileType = image.png; path = "bottom-bar@2x.png"; sourceTree = "<group>"; };
		2B53ED3E190B88410057A654 /* close.png */ = {isa = PBXFileReference; lastKnownFileType = image.png; path = close.png; sourceTree = "<group>"; };
		2B53ED3F190B88410057A654 /* close@2x.png */ = {isa = PBXFileReference; lastKnownFileType = image.png; path = "close@2x.png"; sourceTree = "<group>"; };
		2B53ED40190B88410057A654 /* close_selected.png */ = {isa = PBXFileReference; lastKnownFileType = image.png; path = close_selected.png; sourceTree = "<group>"; };
		2B53ED41190B88410057A654 /* close_selected@2x.png */ = {isa = PBXFileReference; lastKnownFileType = image.png; path = "close_selected@2x.png"; sourceTree = "<group>"; };
		2B53ED42190B88410057A654 /* head-frame.png */ = {isa = PBXFileReference; lastKnownFileType = image.png; path = "head-frame.png"; sourceTree = "<group>"; };
		2B53ED43190B88410057A654 /* head-frame@2x.png */ = {isa = PBXFileReference; lastKnownFileType = image.png; path = "head-frame@2x.png"; sourceTree = "<group>"; };
		2B53ED44190B88410057A654 /* input-frame.png */ = {isa = PBXFileReference; lastKnownFileType = image.png; path = "input-frame.png"; sourceTree = "<group>"; };
		2B53ED45190B88410057A654 /* input-frame@2x.png */ = {isa = PBXFileReference; lastKnownFileType = image.png; path = "input-frame@2x.png"; sourceTree = "<group>"; };
		2B53ED46190B88410057A654 /* PayLogo.png */ = {isa = PBXFileReference; lastKnownFileType = image.png; path = PayLogo.png; sourceTree = "<group>"; };
		2B53ED47190B88410057A654 /* PayLogo@2x.png */ = {isa = PBXFileReference; lastKnownFileType = image.png; path = "PayLogo@2x.png"; sourceTree = "<group>"; };
		2B53ED48190B88410057A654 /* photo-frame.png */ = {isa = PBXFileReference; lastKnownFileType = image.png; path = "photo-frame.png"; sourceTree = "<group>"; };
		2B53ED49190B88410057A654 /* photo-frame@2x.png */ = {isa = PBXFileReference; lastKnownFileType = image.png; path = "photo-frame@2x.png"; sourceTree = "<group>"; };
		2B53ED4A190B88410057A654 /* renren-logo-top-bar.png */ = {isa = PBXFileReference; lastKnownFileType = image.png; path = "renren-logo-top-bar.png"; sourceTree = "<group>"; };
		2B53ED4B190B88410057A654 /* renren-logo-top-bar@2x.png */ = {isa = PBXFileReference; lastKnownFileType = image.png; path = "renren-logo-top-bar@2x.png"; sourceTree = "<group>"; };
		2B53ED4C190B88410057A654 /* RepairButton.png */ = {isa = PBXFileReference; lastKnownFileType = image.png; path = RepairButton.png; sourceTree = "<group>"; };
		2B53ED4D190B88410057A654 /* RepairButton@2x.png */ = {isa = PBXFileReference; lastKnownFileType = image.png; path = "RepairButton@2x.png"; sourceTree = "<group>"; };
		2B53ED4E190B88410057A654 /* small-button-normal.png */ = {isa = PBXFileReference; lastKnownFileType = image.png; path = "small-button-normal.png"; sourceTree = "<group>"; };
		2B53ED4F190B88410057A654 /* small-button-normal@2x.png */ = {isa = PBXFileReference; lastKnownFileType = image.png; path = "small-button-normal@2x.png"; sourceTree = "<group>"; };
		2B53ED51190B88410057A654 /* ROBaseNavigationViewController.h */ = {isa = PBXFileReference; fileEncoding = 4; lastKnownFileType = sourcecode.c.h; path = ROBaseNavigationViewController.h; sourceTree = "<group>"; };
		2B53ED52190B88410057A654 /* ROBaseNavigationViewController.m */ = {isa = PBXFileReference; fileEncoding = 4; lastKnownFileType = sourcecode.c.objc; path = ROBaseNavigationViewController.m; sourceTree = "<group>"; };
		2B53ED53190B88410057A654 /* ROCheckNavigationViewController.h */ = {isa = PBXFileReference; fileEncoding = 4; lastKnownFileType = sourcecode.c.h; path = ROCheckNavigationViewController.h; sourceTree = "<group>"; };
		2B53ED54190B88410057A654 /* ROCheckNavigationViewController.m */ = {isa = PBXFileReference; fileEncoding = 4; lastKnownFileType = sourcecode.c.objc; path = ROCheckNavigationViewController.m; sourceTree = "<group>"; };
		2B53ED55190B88410057A654 /* ROPayNavigationViewController.h */ = {isa = PBXFileReference; fileEncoding = 4; lastKnownFileType = sourcecode.c.h; path = ROPayNavigationViewController.h; sourceTree = "<group>"; };
		2B53ED56190B88410057A654 /* ROPayNavigationViewController.m */ = {isa = PBXFileReference; fileEncoding = 4; lastKnownFileType = sourcecode.c.objc; path = ROPayNavigationViewController.m; sourceTree = "<group>"; };
		2B53ED57190B88410057A654 /* ROWebNavigationViewController.h */ = {isa = PBXFileReference; fileEncoding = 4; lastKnownFileType = sourcecode.c.h; path = ROWebNavigationViewController.h; sourceTree = "<group>"; };
		2B53ED58190B88410057A654 /* ROWebNavigationViewController.m */ = {isa = PBXFileReference; fileEncoding = 4; lastKnownFileType = sourcecode.c.objc; path = ROWebNavigationViewController.m; sourceTree = "<group>"; };
		2B53ED5A190B88410057A654 /* ROPayDB.h */ = {isa = PBXFileReference; fileEncoding = 4; lastKnownFileType = sourcecode.c.h; path = ROPayDB.h; sourceTree = "<group>"; };
		2B53ED5B190B88410057A654 /* ROPayDB.m */ = {isa = PBXFileReference; fileEncoding = 4; lastKnownFileType = sourcecode.c.objc; path = ROPayDB.m; sourceTree = "<group>"; };
		2B53ED5C190B88410057A654 /* ROPayOrderDao.h */ = {isa = PBXFileReference; fileEncoding = 4; lastKnownFileType = sourcecode.c.h; path = ROPayOrderDao.h; sourceTree = "<group>"; };
		2B53ED5D190B88410057A654 /* ROPayOrderDao.m */ = {isa = PBXFileReference; fileEncoding = 4; lastKnownFileType = sourcecode.c.objc; path = ROPayOrderDao.m; sourceTree = "<group>"; };
		2B53ED5E190B88410057A654 /* ROPayOrderInfo.h */ = {isa = PBXFileReference; fileEncoding = 4; lastKnownFileType = sourcecode.c.h; path = ROPayOrderInfo.h; sourceTree = "<group>"; };
		2B53ED5F190B88410057A654 /* ROPayOrderInfo.m */ = {isa = PBXFileReference; fileEncoding = 4; lastKnownFileType = sourcecode.c.objc; path = ROPayOrderInfo.m; sourceTree = "<group>"; };
		2B53ED62190B88410057A654 /* ROAlbumsInfoRequestParam.h */ = {isa = PBXFileReference; fileEncoding = 4; lastKnownFileType = sourcecode.c.h; path = ROAlbumsInfoRequestParam.h; sourceTree = "<group>"; };
		2B53ED63190B88410057A654 /* ROAlbumsInfoRequestParam.m */ = {isa = PBXFileReference; fileEncoding = 4; lastKnownFileType = sourcecode.c.objc; path = ROAlbumsInfoRequestParam.m; sourceTree = "<group>"; };
		2B53ED64190B88410057A654 /* ROCreateAlbumRequestParam.h */ = {isa = PBXFileReference; fileEncoding = 4; lastKnownFileType = sourcecode.c.h; path = ROCreateAlbumRequestParam.h; sourceTree = "<group>"; };
		2B53ED65190B88410057A654 /* ROCreateAlbumRequestParam.m */ = {isa = PBXFileReference; fileEncoding = 4; lastKnownFileType = sourcecode.c.objc; path = ROCreateAlbumRequestParam.m; sourceTree = "<group>"; };
		2B53ED66190B88410057A654 /* ROGetFriendsInfoRequestParam.h */ = {isa = PBXFileReference; fileEncoding = 4; lastKnownFileType = sourcecode.c.h; path = ROGetFriendsInfoRequestParam.h; sourceTree = "<group>"; };
		2B53ED67190B88410057A654 /* ROGetFriendsInfoRequestParam.m */ = {isa = PBXFileReference; fileEncoding = 4; lastKnownFileType = sourcecode.c.objc; path = ROGetFriendsInfoRequestParam.m; sourceTree = "<group>"; };
		2B53ED68190B88410057A654 /* ROGetFriendsRequestParam.h */ = {isa = PBXFileReference; fileEncoding = 4; lastKnownFileType = sourcecode.c.h; path = ROGetFriendsRequestParam.h; sourceTree = "<group>"; };
		2B53ED69190B88410057A654 /* ROGetFriendsRequestParam.m */ = {isa = PBXFileReference; fileEncoding = 4; lastKnownFileType = sourcecode.c.objc; path = ROGetFriendsRequestParam.m; sourceTree = "<group>"; };
		2B53ED6A190B88410057A654 /* ROPasswordFlowRequestParam.h */ = {isa = PBXFileReference; fileEncoding = 4; lastKnownFileType = sourcecode.c.h; path = ROPasswordFlowRequestParam.h; sourceTree = "<group>"; };
		2B53ED6B190B88410057A654 /* ROPasswordFlowRequestParam.m */ = {isa = PBXFileReference; fileEncoding = 4; lastKnownFileType = sourcecode.c.objc; path = ROPasswordFlowRequestParam.m; sourceTree = "<group>"; };
		2B53ED6C190B88410057A654 /* ROPublishPhotoRequestParam.h */ = {isa = PBXFileReference; fileEncoding = 4; lastKnownFileType = sourcecode.c.h; path = ROPublishPhotoRequestParam.h; sourceTree = "<group>"; };
		2B53ED6D190B88410057A654 /* ROPublishPhotoRequestParam.m */ = {isa = PBXFileReference; fileEncoding = 4; lastKnownFileType = sourcecode.c.objc; path = ROPublishPhotoRequestParam.m; sourceTree = "<group>"; };
		2B53ED6E190B88410057A654 /* RORequestParam.h */ = {isa = PBXFileReference; fileEncoding = 4; lastKnownFileType = sourcecode.c.h; path = RORequestParam.h; sourceTree = "<group>"; };
		2B53ED6F190B88410057A654 /* RORequestParam.m */ = {isa = PBXFileReference; fileEncoding = 4; lastKnownFileType = sourcecode.c.objc; path = RORequestParam.m; sourceTree = "<group>"; };
		2B53ED70190B88410057A654 /* ROUserInfoRequestParam.h */ = {isa = PBXFileReference; fileEncoding = 4; lastKnownFileType = sourcecode.c.h; path = ROUserInfoRequestParam.h; sourceTree = "<group>"; };
		2B53ED71190B88410057A654 /* ROUserInfoRequestParam.m */ = {isa = PBXFileReference; fileEncoding = 4; lastKnownFileType = sourcecode.c.objc; path = ROUserInfoRequestParam.m; sourceTree = "<group>"; };
		2B53ED73190B88410057A654 /* ROAlbumResponseltem.h */ = {isa = PBXFileReference; fileEncoding = 4; lastKnownFileType = sourcecode.c.h; path = ROAlbumResponseltem.h; sourceTree = "<group>"; };
		2B53ED74190B88410057A654 /* ROAlbumResponseltem.m */ = {isa = PBXFileReference; fileEncoding = 4; lastKnownFileType = sourcecode.c.objc; path = ROAlbumResponseltem.m; sourceTree = "<group>"; };
		2B53ED75190B88410057A654 /* ROCreateAlbumResponseItem.h */ = {isa = PBXFileReference; fileEncoding = 4; lastKnownFileType = sourcecode.c.h; path = ROCreateAlbumResponseItem.h; sourceTree = "<group>"; };
		2B53ED76190B88410057A654 /* ROCreateAlbumResponseItem.m */ = {isa = PBXFileReference; fileEncoding = 4; lastKnownFileType = sourcecode.c.objc; path = ROCreateAlbumResponseItem.m; sourceTree = "<group>"; };
		2B53ED77190B88410057A654 /* ROFriendResponseItem.h */ = {isa = PBXFileReference; fileEncoding = 4; lastKnownFileType = sourcecode.c.h; path = ROFriendResponseItem.h; sourceTree = "<group>"; };
		2B53ED78190B88410057A654 /* ROFriendResponseItem.m */ = {isa = PBXFileReference; fileEncoding = 4; lastKnownFileType = sourcecode.c.objc; path = ROFriendResponseItem.m; sourceTree = "<group>"; };
		2B53ED79190B88410057A654 /* ROPublishPhotoResponseItem.h */ = {isa = PBXFileReference; fileEncoding = 4; lastKnownFileType = sourcecode.c.h; path = ROPublishPhotoResponseItem.h; sourceTree = "<group>"; };
		2B53ED7A190B88410057A654 /* ROPublishPhotoResponseItem.m */ = {isa = PBXFileReference; fileEncoding = 4; lastKnownFileType = sourcecode.c.objc; path = ROPublishPhotoResponseItem.m; sourceTree = "<group>"; };
		2B53ED7B190B88410057A654 /* ROResponseItem.h */ = {isa = PBXFileReference; fileEncoding = 4; lastKnownFileType = sourcecode.c.h; path = ROResponseItem.h; sourceTree = "<group>"; };
		2B53ED7C190B88410057A654 /* ROResponseItem.m */ = {isa = PBXFileReference; fileEncoding = 4; lastKnownFileType = sourcecode.c.objc; path = ROResponseItem.m; sourceTree = "<group>"; };
		2B53ED7D190B88410057A654 /* ROUserResponseItem.h */ = {isa = PBXFileReference; fileEncoding = 4; lastKnownFileType = sourcecode.c.h; path = ROUserResponseItem.h; sourceTree = "<group>"; };
		2B53ED7E190B88410057A654 /* ROUserResponseItem.m */ = {isa = PBXFileReference; fileEncoding = 4; lastKnownFileType = sourcecode.c.objc; path = ROUserResponseItem.m; sourceTree = "<group>"; };
		2B53ED7F190B88410057A654 /* RORequest.h */ = {isa = PBXFileReference; fileEncoding = 4; lastKnownFileType = sourcecode.c.h; path = RORequest.h; sourceTree = "<group>"; };
		2B53ED80190B88410057A654 /* RORequest.m */ = {isa = PBXFileReference; fileEncoding = 4; lastKnownFileType = sourcecode.c.objc; path = RORequest.m; sourceTree = "<group>"; };
		2B53ED81190B88410057A654 /* ROResponse.h */ = {isa = PBXFileReference; fileEncoding = 4; lastKnownFileType = sourcecode.c.h; path = ROResponse.h; sourceTree = "<group>"; };
		2B53ED82190B88410057A654 /* ROResponse.m */ = {isa = PBXFileReference; fileEncoding = 4; lastKnownFileType = sourcecode.c.objc; path = ROResponse.m; sourceTree = "<group>"; };
		2B53ED84190B88410057A654 /* ROMacroDef.h */ = {isa = PBXFileReference; fileEncoding = 4; lastKnownFileType = sourcecode.c.h; path = ROMacroDef.h; sourceTree = "<group>"; };
		2B53ED85190B88410057A654 /* ROUtility.h */ = {isa = PBXFileReference; fileEncoding = 4; lastKnownFileType = sourcecode.c.h; path = ROUtility.h; sourceTree = "<group>"; };
		2B53ED86190B88410057A654 /* ROUtility.m */ = {isa = PBXFileReference; fileEncoding = 4; lastKnownFileType = sourcecode.c.objc; path = ROUtility.m; sourceTree = "<group>"; };
		2B53ED88190B88410057A654 /* ROCheckOrderCell.h */ = {isa = PBXFileReference; fileEncoding = 4; lastKnownFileType = sourcecode.c.h; path = ROCheckOrderCell.h; sourceTree = "<group>"; };
		2B53ED89190B88410057A654 /* ROCheckOrderCell.m */ = {isa = PBXFileReference; fileEncoding = 4; lastKnownFileType = sourcecode.c.objc; path = ROCheckOrderCell.m; sourceTree = "<group>"; };
		2B53ED8A190B88410057A654 /* ROCheckOrderCell.xib */ = {isa = PBXFileReference; fileEncoding = 4; lastKnownFileType = file.xib; path = ROCheckOrderCell.xib; sourceTree = "<group>"; };
		2B53ED8C190B88410057A654 /* RODialogModel.h */ = {isa = PBXFileReference; fileEncoding = 4; lastKnownFileType = sourcecode.c.h; path = RODialogModel.h; sourceTree = "<group>"; };
		2B53ED8D190B88410057A654 /* RODialogModel.m */ = {isa = PBXFileReference; fileEncoding = 4; lastKnownFileType = sourcecode.c.objc; path = RODialogModel.m; sourceTree = "<group>"; };
		2B53ED8E190B88410057A654 /* RODialogView.h */ = {isa = PBXFileReference; fileEncoding = 4; lastKnownFileType = sourcecode.c.h; path = RODialogView.h; sourceTree = "<group>"; };
		2B53ED8F190B88410057A654 /* RODialogView.m */ = {isa = PBXFileReference; fileEncoding = 4; lastKnownFileType = sourcecode.c.objc; path = RODialogView.m; sourceTree = "<group>"; };
		2B53ED91190B88410057A654 /* ROCloseButton.h */ = {isa = PBXFileReference; fileEncoding = 4; lastKnownFileType = sourcecode.c.h; path = ROCloseButton.h; sourceTree = "<group>"; };
		2B53ED92190B88410057A654 /* ROCloseButton.m */ = {isa = PBXFileReference; fileEncoding = 4; lastKnownFileType = sourcecode.c.objc; path = ROCloseButton.m; sourceTree = "<group>"; };
		2B53ED93190B88410057A654 /* ROGlobalStyle.h */ = {isa = PBXFileReference; fileEncoding = 4; lastKnownFileType = sourcecode.c.h; path = ROGlobalStyle.h; sourceTree = "<group>"; };
		2B53ED94190B88410057A654 /* ROGlobalStyle.m */ = {isa = PBXFileReference; fileEncoding = 4; lastKnownFileType = sourcecode.c.objc; path = ROGlobalStyle.m; sourceTree = "<group>"; };
		2B53ED95190B88410057A654 /* ROImageView.h */ = {isa = PBXFileReference; fileEncoding = 4; lastKnownFileType = sourcecode.c.h; path = ROImageView.h; sourceTree = "<group>"; };
		2B53ED96190B88410057A654 /* ROImageView.m */ = {isa = PBXFileReference; fileEncoding = 4; lastKnownFileType = sourcecode.c.objc; path = ROImageView.m; sourceTree = "<group>"; };
		2B53ED98190B88410057A654 /* ROPublishPhotoDialogModel.h */ = {isa = PBXFileReference; fileEncoding = 4; lastKnownFileType = sourcecode.c.h; path = ROPublishPhotoDialogModel.h; sourceTree = "<group>"; };
		2B53ED99190B88410057A654 /* ROPublishPhotoDialogModel.m */ = {isa = PBXFileReference; fileEncoding = 4; lastKnownFileType = sourcecode.c.objc; path = ROPublishPhotoDialogModel.m; sourceTree = "<group>"; };
		2B53ED9A190B88410057A654 /* ROPublishPhotoInternal.h */ = {isa = PBXFileReference; fileEncoding = 4; lastKnownFileType = sourcecode.c.h; path = ROPublishPhotoInternal.h; sourceTree = "<group>"; };
		2B53ED9B190B88410057A654 /* ROPublishPhotoInternal.m */ = {isa = PBXFileReference; fileEncoding = 4; lastKnownFileType = sourcecode.c.objc; path = ROPublishPhotoInternal.m; sourceTree = "<group>"; };
		2B63EE76190B859D00E30B09 /* libsqlite3.0.dylib */ = {isa = PBXFileReference; lastKnownFileType = "compiled.mach-o.dylib"; name = libsqlite3.0.dylib; path = usr/lib/libsqlite3.0.dylib; sourceTree = SDKROOT; };
		2BDBDC7C190A70D500BEFD09 /* shudong.app */ = {isa = PBXFileReference; explicitFileType = wrapper.application; includeInIndex = 0; path = shudong.app; sourceTree = BUILT_PRODUCTS_DIR; };
		2BDBDC7F190A70D500BEFD09 /* Foundation.framework */ = {isa = PBXFileReference; lastKnownFileType = wrapper.framework; name = Foundation.framework; path = System/Library/Frameworks/Foundation.framework; sourceTree = SDKROOT; };
		2BDBDC81190A70D500BEFD09 /* CoreGraphics.framework */ = {isa = PBXFileReference; lastKnownFileType = wrapper.framework; name = CoreGraphics.framework; path = System/Library/Frameworks/CoreGraphics.framework; sourceTree = SDKROOT; };
		2BDBDC83190A70D500BEFD09 /* UIKit.framework */ = {isa = PBXFileReference; lastKnownFileType = wrapper.framework; name = UIKit.framework; path = System/Library/Frameworks/UIKit.framework; sourceTree = SDKROOT; };
		2BDBDC87190A70D500BEFD09 /* shudong-Info.plist */ = {isa = PBXFileReference; lastKnownFileType = text.plist.xml; path = "shudong-Info.plist"; sourceTree = "<group>"; };
		2BDBDC89190A70D500BEFD09 /* en */ = {isa = PBXFileReference; lastKnownFileType = text.plist.strings; name = en; path = en.lproj/InfoPlist.strings; sourceTree = "<group>"; };
		2BDBDC8B190A70D500BEFD09 /* main.m */ = {isa = PBXFileReference; lastKnownFileType = sourcecode.c.objc; path = main.m; sourceTree = "<group>"; };
		2BDBDC8D190A70D500BEFD09 /* shudong-Prefix.pch */ = {isa = PBXFileReference; lastKnownFileType = sourcecode.c.h; path = "shudong-Prefix.pch"; sourceTree = "<group>"; };
		2BDBDC8E190A70D500BEFD09 /* SDAppDelegate.h */ = {isa = PBXFileReference; lastKnownFileType = sourcecode.c.h; path = SDAppDelegate.h; sourceTree = "<group>"; };
		2BDBDC8F190A70D500BEFD09 /* SDAppDelegate.m */ = {isa = PBXFileReference; lastKnownFileType = sourcecode.c.objc; path = SDAppDelegate.m; sourceTree = "<group>"; };
		2BDBDC92190A70D500BEFD09 /* Base */ = {isa = PBXFileReference; lastKnownFileType = file.storyboard; name = Base; path = Base.lproj/Main.storyboard; sourceTree = "<group>"; };
		2BDBDC94190A70D500BEFD09 /* SDViewController.h */ = {isa = PBXFileReference; lastKnownFileType = sourcecode.c.h; path = SDViewController.h; sourceTree = "<group>"; };
		2BDBDC95190A70D500BEFD09 /* SDViewController.m */ = {isa = PBXFileReference; lastKnownFileType = sourcecode.c.objc; path = SDViewController.m; sourceTree = "<group>"; };
		2BDBDC97190A70D500BEFD09 /* Images.xcassets */ = {isa = PBXFileReference; lastKnownFileType = folder.assetcatalog; path = Images.xcassets; sourceTree = "<group>"; };
		2BDBDC9D190A70D600BEFD09 /* shudongTests.xctest */ = {isa = PBXFileReference; explicitFileType = wrapper.cfbundle; includeInIndex = 0; path = shudongTests.xctest; sourceTree = BUILT_PRODUCTS_DIR; };
		2BDBDC9E190A70D600BEFD09 /* XCTest.framework */ = {isa = PBXFileReference; lastKnownFileType = wrapper.framework; name = XCTest.framework; path = Library/Frameworks/XCTest.framework; sourceTree = DEVELOPER_DIR; };
		2BDBDCA6190A70D600BEFD09 /* shudongTests-Info.plist */ = {isa = PBXFileReference; lastKnownFileType = text.plist.xml; path = "shudongTests-Info.plist"; sourceTree = "<group>"; };
		2BDBDCA8190A70D600BEFD09 /* en */ = {isa = PBXFileReference; lastKnownFileType = text.plist.strings; name = en; path = en.lproj/InfoPlist.strings; sourceTree = "<group>"; };
		2BDBDCAA190A70D600BEFD09 /* shudongTests.m */ = {isa = PBXFileReference; lastKnownFileType = sourcecode.c.objc; path = shudongTests.m; sourceTree = "<group>"; };
		32DE6D10F85344DDBFC9682B /* libPods.a */ = {isa = PBXFileReference; explicitFileType = archive.ar; includeInIndex = 0; path = libPods.a; sourceTree = BUILT_PRODUCTS_DIR; };
		6A55B3F1630C404793F4267D /* Pods.xcconfig */ = {isa = PBXFileReference; includeInIndex = 1; lastKnownFileType = text.xcconfig; name = Pods.xcconfig; path = Pods/Pods.xcconfig; sourceTree = "<group>"; };
/* End PBXFileReference section */

/* Begin PBXFrameworksBuildPhase section */
		2BDBDC79190A70D500BEFD09 /* Frameworks */ = {
			isa = PBXFrameworksBuildPhase;
			buildActionMask = 2147483647;
			files = (
				2B63EE77190B859D00E30B09 /* libsqlite3.0.dylib in Frameworks */,
				2BDBDC82190A70D500BEFD09 /* CoreGraphics.framework in Frameworks */,
				2BDBDC84190A70D500BEFD09 /* UIKit.framework in Frameworks */,
				2BDBDC80190A70D500BEFD09 /* Foundation.framework in Frameworks */,
				9E5C4E9B7A974BB0AF9B7B87 /* libPods.a in Frameworks */,
			);
			runOnlyForDeploymentPostprocessing = 0;
		};
		2BDBDC9A190A70D600BEFD09 /* Frameworks */ = {
			isa = PBXFrameworksBuildPhase;
			buildActionMask = 2147483647;
			files = (
				2BDBDC9F190A70D600BEFD09 /* XCTest.framework in Frameworks */,
				2BDBDCA1190A70D600BEFD09 /* UIKit.framework in Frameworks */,
				2BDBDCA0190A70D600BEFD09 /* Foundation.framework in Frameworks */,
			);
			runOnlyForDeploymentPostprocessing = 0;
		};
/* End PBXFrameworksBuildPhase section */

/* Begin PBXGroup section */
		2B53ED0E190B88410057A654 /* RENREN SDK */ = {
			isa = PBXGroup;
			children = (
				2B53ED0F190B88410057A654 /* Doc */,
				2B53ED12190B88410057A654 /* FMDB */,
				2B53ED19190B88410057A654 /* JSON */,
				2B53ED27190B88410057A654 /* Renren */,
			);
			path = "RENREN SDK";
			sourceTree = "<group>";
		};
		2B53ED0F190B88410057A654 /* Doc */ = {
			isa = PBXGroup;
			children = (
				2B53ED10190B88410057A654 /* iOS SDK V3.0使用说明.pdf */,
				2B53ED11190B88410057A654 /* 人人网开放平台安全支付1.0.pdf */,
			);
			path = Doc;
			sourceTree = "<group>";
		};
		2B53ED12190B88410057A654 /* FMDB */ = {
			isa = PBXGroup;
			children = (
				2B53ED13190B88410057A654 /* FMDatabase.h */,
				2B53ED14190B88410057A654 /* FMDatabase.m */,
				2B53ED15190B88410057A654 /* FMDatabaseAdditions.h */,
				2B53ED16190B88410057A654 /* FMDatabaseAdditions.m */,
				2B53ED17190B88410057A654 /* FMResultSet.h */,
				2B53ED18190B88410057A654 /* FMResultSet.m */,
			);
			path = FMDB;
			sourceTree = "<group>";
		};
		2B53ED19190B88410057A654 /* JSON */ = {
			isa = PBXGroup;
			children = (
				2B53ED1A190B88410057A654 /* JSON.h */,
				2B53ED1B190B88410057A654 /* NSObject+SBJSON.h */,
				2B53ED1C190B88410057A654 /* NSObject+SBJSON.m */,
				2B53ED1D190B88410057A654 /* NSString+SBJSON.h */,
				2B53ED1E190B88410057A654 /* NSString+SBJSON.m */,
				2B53ED1F190B88410057A654 /* SBJSON.h */,
				2B53ED20190B88410057A654 /* SBJSON.m */,
				2B53ED21190B88410057A654 /* SBJsonBase.h */,
				2B53ED22190B88410057A654 /* SBJsonBase.m */,
				2B53ED23190B88410057A654 /* SBJsonParser.h */,
				2B53ED24190B88410057A654 /* SBJsonParser.m */,
				2B53ED25190B88410057A654 /* SBJsonWriter.h */,
				2B53ED26190B88410057A654 /* SBJsonWriter.m */,
			);
			path = JSON;
			sourceTree = "<group>";
		};
		2B53ED27190B88410057A654 /* Renren */ = {
			isa = PBXGroup;
			children = (
				2B53ED28190B88410057A654 /* Renren.h */,
				2B53ED29190B88410057A654 /* Renren.m */,
				2B53ED2A190B88410057A654 /* RenrenPay.h */,
				2B53ED2B190B88410057A654 /* RenrenPay.m */,
				2B53ED2C190B88410057A654 /* ROConnect.h */,
				2B53ED2D190B88410057A654 /* RODialogViewController */,
				2B53ED36190B88410057A654 /* ROError */,
				2B53ED3B190B88410057A654 /* ROImages */,
				2B53ED50190B88410057A654 /* RONavigationViewController */,
				2B53ED59190B88410057A654 /* ROPayDAO */,
				2B53ED60190B88410057A654 /* RORequest */,
				2B53ED83190B88410057A654 /* ROTools */,
				2B53ED87190B88410057A654 /* ROView */,
				2B53ED8B190B88410057A654 /* Sample UI */,
			);
			path = Renren;
			sourceTree = "<group>";
		};
		2B53ED2D190B88410057A654 /* RODialogViewController */ = {
			isa = PBXGroup;
			children = (
				2B53ED2E190B88410057A654 /* ROBaseDialogViewController.h */,
				2B53ED2F190B88410057A654 /* ROBaseDialogViewController.m */,
				2B53ED30190B88410057A654 /* ROCheckDialogViewController.h */,
				2B53ED31190B88410057A654 /* ROCheckDialogViewController.m */,
				2B53ED32190B88410057A654 /* ROPayDialogViewController.h */,
				2B53ED33190B88410057A654 /* ROPayDialogViewController.m */,
				2B53ED34190B88410057A654 /* ROWebDialogViewController.h */,
				2B53ED35190B88410057A654 /* ROWebDialogViewController.m */,
			);
			path = RODialogViewController;
			sourceTree = "<group>";
		};
		2B53ED36190B88410057A654 /* ROError */ = {
			isa = PBXGroup;
			children = (
				2B53ED37190B88410057A654 /* ROError.h */,
				2B53ED38190B88410057A654 /* ROError.m */,
				2B53ED39190B88410057A654 /* ROPayError.h */,
				2B53ED3A190B88410057A654 /* ROPayError.m */,
			);
			path = ROError;
			sourceTree = "<group>";
		};
		2B53ED3B190B88410057A654 /* ROImages */ = {
			isa = PBXGroup;
			children = (
				2B53ED3C190B88410057A654 /* bottom-bar.png */,
				2B53ED3D190B88410057A654 /* bottom-bar@2x.png */,
				2B53ED3E190B88410057A654 /* close.png */,
				2B53ED3F190B88410057A654 /* close@2x.png */,
				2B53ED40190B88410057A654 /* close_selected.png */,
				2B53ED41190B88410057A654 /* close_selected@2x.png */,
				2B53ED42190B88410057A654 /* head-frame.png */,
				2B53ED43190B88410057A654 /* head-frame@2x.png */,
				2B53ED44190B88410057A654 /* input-frame.png */,
				2B53ED45190B88410057A654 /* input-frame@2x.png */,
				2B53ED46190B88410057A654 /* PayLogo.png */,
				2B53ED47190B88410057A654 /* PayLogo@2x.png */,
				2B53ED48190B88410057A654 /* photo-frame.png */,
				2B53ED49190B88410057A654 /* photo-frame@2x.png */,
				2B53ED4A190B88410057A654 /* renren-logo-top-bar.png */,
				2B53ED4B190B88410057A654 /* renren-logo-top-bar@2x.png */,
				2B53ED4C190B88410057A654 /* RepairButton.png */,
				2B53ED4D190B88410057A654 /* RepairButton@2x.png */,
				2B53ED4E190B88410057A654 /* small-button-normal.png */,
				2B53ED4F190B88410057A654 /* small-button-normal@2x.png */,
			);
			path = ROImages;
			sourceTree = "<group>";
		};
		2B53ED50190B88410057A654 /* RONavigationViewController */ = {
			isa = PBXGroup;
			children = (
				2B53ED51190B88410057A654 /* ROBaseNavigationViewController.h */,
				2B53ED52190B88410057A654 /* ROBaseNavigationViewController.m */,
				2B53ED53190B88410057A654 /* ROCheckNavigationViewController.h */,
				2B53ED54190B88410057A654 /* ROCheckNavigationViewController.m */,
				2B53ED55190B88410057A654 /* ROPayNavigationViewController.h */,
				2B53ED56190B88410057A654 /* ROPayNavigationViewController.m */,
				2B53ED57190B88410057A654 /* ROWebNavigationViewController.h */,
				2B53ED58190B88410057A654 /* ROWebNavigationViewController.m */,
			);
			path = RONavigationViewController;
			sourceTree = "<group>";
		};
		2B53ED59190B88410057A654 /* ROPayDAO */ = {
			isa = PBXGroup;
			children = (
				2B53ED5A190B88410057A654 /* ROPayDB.h */,
				2B53ED5B190B88410057A654 /* ROPayDB.m */,
				2B53ED5C190B88410057A654 /* ROPayOrderDao.h */,
				2B53ED5D190B88410057A654 /* ROPayOrderDao.m */,
				2B53ED5E190B88410057A654 /* ROPayOrderInfo.h */,
				2B53ED5F190B88410057A654 /* ROPayOrderInfo.m */,
			);
			path = ROPayDAO;
			sourceTree = "<group>";
		};
		2B53ED60190B88410057A654 /* RORequest */ = {
			isa = PBXGroup;
			children = (
				2B53ED61190B88410057A654 /* RequestParam */,
				2B53ED72190B88410057A654 /* ResponseItem */,
				2B53ED7F190B88410057A654 /* RORequest.h */,
				2B53ED80190B88410057A654 /* RORequest.m */,
				2B53ED81190B88410057A654 /* ROResponse.h */,
				2B53ED82190B88410057A654 /* ROResponse.m */,
			);
			path = RORequest;
			sourceTree = "<group>";
		};
		2B53ED61190B88410057A654 /* RequestParam */ = {
			isa = PBXGroup;
			children = (
				2B53ED62190B88410057A654 /* ROAlbumsInfoRequestParam.h */,
				2B53ED63190B88410057A654 /* ROAlbumsInfoRequestParam.m */,
				2B53ED64190B88410057A654 /* ROCreateAlbumRequestParam.h */,
				2B53ED65190B88410057A654 /* ROCreateAlbumRequestParam.m */,
				2B53ED66190B88410057A654 /* ROGetFriendsInfoRequestParam.h */,
				2B53ED67190B88410057A654 /* ROGetFriendsInfoRequestParam.m */,
				2B53ED68190B88410057A654 /* ROGetFriendsRequestParam.h */,
				2B53ED69190B88410057A654 /* ROGetFriendsRequestParam.m */,
				2B53ED6A190B88410057A654 /* ROPasswordFlowRequestParam.h */,
				2B53ED6B190B88410057A654 /* ROPasswordFlowRequestParam.m */,
				2B53ED6C190B88410057A654 /* ROPublishPhotoRequestParam.h */,
				2B53ED6D190B88410057A654 /* ROPublishPhotoRequestParam.m */,
				2B53ED6E190B88410057A654 /* RORequestParam.h */,
				2B53ED6F190B88410057A654 /* RORequestParam.m */,
				2B53ED70190B88410057A654 /* ROUserInfoRequestParam.h */,
				2B53ED71190B88410057A654 /* ROUserInfoRequestParam.m */,
			);
			path = RequestParam;
			sourceTree = "<group>";
		};
		2B53ED72190B88410057A654 /* ResponseItem */ = {
			isa = PBXGroup;
			children = (
				2B53ED73190B88410057A654 /* ROAlbumResponseltem.h */,
				2B53ED74190B88410057A654 /* ROAlbumResponseltem.m */,
				2B53ED75190B88410057A654 /* ROCreateAlbumResponseItem.h */,
				2B53ED76190B88410057A654 /* ROCreateAlbumResponseItem.m */,
				2B53ED77190B88410057A654 /* ROFriendResponseItem.h */,
				2B53ED78190B88410057A654 /* ROFriendResponseItem.m */,
				2B53ED79190B88410057A654 /* ROPublishPhotoResponseItem.h */,
				2B53ED7A190B88410057A654 /* ROPublishPhotoResponseItem.m */,
				2B53ED7B190B88410057A654 /* ROResponseItem.h */,
				2B53ED7C190B88410057A654 /* ROResponseItem.m */,
				2B53ED7D190B88410057A654 /* ROUserResponseItem.h */,
				2B53ED7E190B88410057A654 /* ROUserResponseItem.m */,
			);
			path = ResponseItem;
			sourceTree = "<group>";
		};
		2B53ED83190B88410057A654 /* ROTools */ = {
			isa = PBXGroup;
			children = (
				2B53ED84190B88410057A654 /* ROMacroDef.h */,
				2B53ED85190B88410057A654 /* ROUtility.h */,
				2B53ED86190B88410057A654 /* ROUtility.m */,
			);
			path = ROTools;
			sourceTree = "<group>";
		};
		2B53ED87190B88410057A654 /* ROView */ = {
			isa = PBXGroup;
			children = (
				2B53ED88190B88410057A654 /* ROCheckOrderCell.h */,
				2B53ED89190B88410057A654 /* ROCheckOrderCell.m */,
				2B53ED8A190B88410057A654 /* ROCheckOrderCell.xib */,
			);
			path = ROView;
			sourceTree = "<group>";
		};
		2B53ED8B190B88410057A654 /* Sample UI */ = {
			isa = PBXGroup;
			children = (
				2B53ED8C190B88410057A654 /* RODialogModel.h */,
				2B53ED8D190B88410057A654 /* RODialogModel.m */,
				2B53ED8E190B88410057A654 /* RODialogView.h */,
				2B53ED8F190B88410057A654 /* RODialogView.m */,
				2B53ED90190B88410057A654 /* UI */,
				2B53ED97190B88410057A654 /* UploadPhotoDialog */,
			);
			path = "Sample UI";
			sourceTree = "<group>";
		};
		2B53ED90190B88410057A654 /* UI */ = {
			isa = PBXGroup;
			children = (
				2B53ED91190B88410057A654 /* ROCloseButton.h */,
				2B53ED92190B88410057A654 /* ROCloseButton.m */,
				2B53ED93190B88410057A654 /* ROGlobalStyle.h */,
				2B53ED94190B88410057A654 /* ROGlobalStyle.m */,
				2B53ED95190B88410057A654 /* ROImageView.h */,
				2B53ED96190B88410057A654 /* ROImageView.m */,
			);
			path = UI;
			sourceTree = "<group>";
		};
		2B53ED97190B88410057A654 /* UploadPhotoDialog */ = {
			isa = PBXGroup;
			children = (
				2B53ED98190B88410057A654 /* ROPublishPhotoDialogModel.h */,
				2B53ED99190B88410057A654 /* ROPublishPhotoDialogModel.m */,
				2B53ED9A190B88410057A654 /* ROPublishPhotoInternal.h */,
				2B53ED9B190B88410057A654 /* ROPublishPhotoInternal.m */,
			);
			path = UploadPhotoDialog;
			sourceTree = "<group>";
		};
		2BDBDC73190A70D500BEFD09 = {
			isa = PBXGroup;
			children = (
				2BDBDC85190A70D500BEFD09 /* shudong */,
				2BDBDCA4190A70D600BEFD09 /* shudongTests */,
				2BDBDC7E190A70D500BEFD09 /* Frameworks */,
				2BDBDC7D190A70D500BEFD09 /* Products */,
				6A55B3F1630C404793F4267D /* Pods.xcconfig */,
			);
			sourceTree = "<group>";
		};
		2BDBDC7D190A70D500BEFD09 /* Products */ = {
			isa = PBXGroup;
			children = (
				2BDBDC7C190A70D500BEFD09 /* shudong.app */,
				2BDBDC9D190A70D600BEFD09 /* shudongTests.xctest */,
			);
			name = Products;
			sourceTree = "<group>";
		};
		2BDBDC7E190A70D500BEFD09 /* Frameworks */ = {
			isa = PBXGroup;
			children = (
				2B63EE76190B859D00E30B09 /* libsqlite3.0.dylib */,
				2BDBDC7F190A70D500BEFD09 /* Foundation.framework */,
				2BDBDC81190A70D500BEFD09 /* CoreGraphics.framework */,
				2BDBDC83190A70D500BEFD09 /* UIKit.framework */,
				2BDBDC9E190A70D600BEFD09 /* XCTest.framework */,
				32DE6D10F85344DDBFC9682B /* libPods.a */,
			);
			name = Frameworks;
			sourceTree = "<group>";
		};
		2BDBDC85190A70D500BEFD09 /* shudong */ = {
			isa = PBXGroup;
			children = (
				2B53ED0E190B88410057A654 /* RENREN SDK */,
				2BDBDC8E190A70D500BEFD09 /* SDAppDelegate.h */,
				2BDBDC8F190A70D500BEFD09 /* SDAppDelegate.m */,
				2BDBDC91190A70D500BEFD09 /* Main.storyboard */,
				2BDBDC94190A70D500BEFD09 /* SDViewController.h */,
				2BDBDC95190A70D500BEFD09 /* SDViewController.m */,
				2BDBDC97190A70D500BEFD09 /* Images.xcassets */,
				2BDBDC86190A70D500BEFD09 /* Supporting Files */,
			);
			path = shudong;
			sourceTree = "<group>";
		};
		2BDBDC86190A70D500BEFD09 /* Supporting Files */ = {
			isa = PBXGroup;
			children = (
				2BDBDC87190A70D500BEFD09 /* shudong-Info.plist */,
				2BDBDC88190A70D500BEFD09 /* InfoPlist.strings */,
				2BDBDC8B190A70D500BEFD09 /* main.m */,
				2BDBDC8D190A70D500BEFD09 /* shudong-Prefix.pch */,
			);
			name = "Supporting Files";
			sourceTree = "<group>";
		};
		2BDBDCA4190A70D600BEFD09 /* shudongTests */ = {
			isa = PBXGroup;
			children = (
				2BDBDCAA190A70D600BEFD09 /* shudongTests.m */,
				2BDBDCA5190A70D600BEFD09 /* Supporting Files */,
			);
			path = shudongTests;
			sourceTree = "<group>";
		};
		2BDBDCA5190A70D600BEFD09 /* Supporting Files */ = {
			isa = PBXGroup;
			children = (
				2BDBDCA6190A70D600BEFD09 /* shudongTests-Info.plist */,
				2BDBDCA7190A70D600BEFD09 /* InfoPlist.strings */,
			);
			name = "Supporting Files";
			sourceTree = "<group>";
		};
/* End PBXGroup section */

/* Begin PBXNativeTarget section */
		2BDBDC7B190A70D500BEFD09 /* shudong */ = {
			isa = PBXNativeTarget;
			buildConfigurationList = 2BDBDCAE190A70D600BEFD09 /* Build configuration list for PBXNativeTarget "shudong" */;
			buildPhases = (
				52C1CDF8463B4E07AB86E5E9 /* Check Pods Manifest.lock */,
				2BDBDC78190A70D500BEFD09 /* Sources */,
				2BDBDC79190A70D500BEFD09 /* Frameworks */,
				2BDBDC7A190A70D500BEFD09 /* Resources */,
				6DB7A01DDEE1428797A1BB2C /* Copy Pods Resources */,
			);
			buildRules = (
			);
			dependencies = (
			);
			name = shudong;
			productName = shudong;
			productReference = 2BDBDC7C190A70D500BEFD09 /* shudong.app */;
			productType = "com.apple.product-type.application";
		};
		2BDBDC9C190A70D600BEFD09 /* shudongTests */ = {
			isa = PBXNativeTarget;
			buildConfigurationList = 2BDBDCB1190A70D600BEFD09 /* Build configuration list for PBXNativeTarget "shudongTests" */;
			buildPhases = (
				2BDBDC99190A70D600BEFD09 /* Sources */,
				2BDBDC9A190A70D600BEFD09 /* Frameworks */,
				2BDBDC9B190A70D600BEFD09 /* Resources */,
			);
			buildRules = (
			);
			dependencies = (
				2BDBDCA3190A70D600BEFD09 /* PBXTargetDependency */,
			);
			name = shudongTests;
			productName = shudongTests;
			productReference = 2BDBDC9D190A70D600BEFD09 /* shudongTests.xctest */;
			productType = "com.apple.product-type.bundle.unit-test";
		};
/* End PBXNativeTarget section */

/* Begin PBXProject section */
		2BDBDC74190A70D500BEFD09 /* Project object */ = {
			isa = PBXProject;
			attributes = {
				CLASSPREFIX = SD;
				LastUpgradeCheck = 0510;
				ORGANIZATIONNAME = 1xiustudio;
				TargetAttributes = {
					2BDBDC7B190A70D500BEFD09 = {
						DevelopmentTeam = 9RZJW8NK36;
					};
					2BDBDC9C190A70D600BEFD09 = {
						TestTargetID = 2BDBDC7B190A70D500BEFD09;
					};
				};
			};
			buildConfigurationList = 2BDBDC77190A70D500BEFD09 /* Build configuration list for PBXProject "shudong" */;
			compatibilityVersion = "Xcode 3.2";
			developmentRegion = English;
			hasScannedForEncodings = 0;
			knownRegions = (
				en,
				Base,
			);
			mainGroup = 2BDBDC73190A70D500BEFD09;
			productRefGroup = 2BDBDC7D190A70D500BEFD09 /* Products */;
			projectDirPath = "";
			projectRoot = "";
			targets = (
				2BDBDC7B190A70D500BEFD09 /* shudong */,
				2BDBDC9C190A70D600BEFD09 /* shudongTests */,
			);
		};
/* End PBXProject section */

/* Begin PBXResourcesBuildPhase section */
		2BDBDC7A190A70D500BEFD09 /* Resources */ = {
			isa = PBXResourcesBuildPhase;
			buildActionMask = 2147483647;
			files = (
				2B53EDB2190B88410057A654 /* close@2x.png in Resources */,
				2BDBDC98190A70D500BEFD09 /* Images.xcassets in Resources */,
				2B53EDB0190B88410057A654 /* bottom-bar@2x.png in Resources */,
				2B53EDB1190B88410057A654 /* close.png in Resources */,
				2B53EDBD190B88410057A654 /* renren-logo-top-bar.png in Resources */,
				2B53ED9C190B88410057A654 /* iOS SDK V3.0使用说明.pdf in Resources */,
				2B53EDBF190B88410057A654 /* RepairButton.png in Resources */,
				2B53EDB3190B88410057A654 /* close_selected.png in Resources */,
				2B53EDB8190B88410057A654 /* input-frame@2x.png in Resources */,
				2B53EDC2190B88410057A654 /* small-button-normal@2x.png in Resources */,
				2B53EDB4190B88410057A654 /* close_selected@2x.png in Resources */,
				2B53EDC1190B88410057A654 /* small-button-normal.png in Resources */,
				2B53EDBE190B88410057A654 /* renren-logo-top-bar@2x.png in Resources */,
				2B53ED9D190B88410057A654 /* 人人网开放平台安全支付1.0.pdf in Resources */,
				2B53EDC0190B88410057A654 /* RepairButton@2x.png in Resources */,
				2B53EDB9190B88410057A654 /* PayLogo.png in Resources */,
				2B53EDDC190B88410057A654 /* ROCheckOrderCell.xib in Resources */,
				2B53EDB6190B88410057A654 /* head-frame@2x.png in Resources */,
				2B53EDBA190B88410057A654 /* PayLogo@2x.png in Resources */,
				2B53EDBC190B88410057A654 /* photo-frame@2x.png in Resources */,
				2B53EDBB190B88410057A654 /* photo-frame.png in Resources */,
				2BDBDC8A190A70D500BEFD09 /* InfoPlist.strings in Resources */,
				2B53EDAF190B88410057A654 /* bottom-bar.png in Resources */,
				2BDBDC93190A70D500BEFD09 /* Main.storyboard in Resources */,
				2B53EDB7190B88410057A654 /* input-frame.png in Resources */,
				2B53EDB5190B88410057A654 /* head-frame.png in Resources */,
			);
			runOnlyForDeploymentPostprocessing = 0;
		};
		2BDBDC9B190A70D600BEFD09 /* Resources */ = {
			isa = PBXResourcesBuildPhase;
			buildActionMask = 2147483647;
			files = (
				2BDBDCA9190A70D600BEFD09 /* InfoPlist.strings in Resources */,
			);
			runOnlyForDeploymentPostprocessing = 0;
		};
/* End PBXResourcesBuildPhase section */

/* Begin PBXShellScriptBuildPhase section */
		52C1CDF8463B4E07AB86E5E9 /* Check Pods Manifest.lock */ = {
			isa = PBXShellScriptBuildPhase;
			buildActionMask = 2147483647;
			files = (
			);
			inputPaths = (
			);
			name = "Check Pods Manifest.lock";
			outputPaths = (
			);
			runOnlyForDeploymentPostprocessing = 0;
			shellPath = /bin/sh;
			shellScript = "diff \"${PODS_ROOT}/../Podfile.lock\" \"${PODS_ROOT}/Manifest.lock\" > /dev/null\nif [[ $? != 0 ]] ; then\n    cat << EOM\nerror: The sandbox is not in sync with the Podfile.lock. Run 'pod install' or update your CocoaPods installation.\nEOM\n    exit 1\nfi\n";
			showEnvVarsInLog = 0;
		};
		6DB7A01DDEE1428797A1BB2C /* Copy Pods Resources */ = {
			isa = PBXShellScriptBuildPhase;
			buildActionMask = 2147483647;
			files = (
			);
			inputPaths = (
			);
			name = "Copy Pods Resources";
			outputPaths = (
			);
			runOnlyForDeploymentPostprocessing = 0;
			shellPath = /bin/sh;
			shellScript = "\"${SRCROOT}/Pods/Pods-resources.sh\"\n";
			showEnvVarsInLog = 0;
		};
/* End PBXShellScriptBuildPhase section */

/* Begin PBXSourcesBuildPhase section */
		2BDBDC78190A70D500BEFD09 /* Sources */ = {
			isa = PBXSourcesBuildPhase;
			buildActionMask = 2147483647;
			files = (
				2B53EDC6190B88410057A654 /* ROWebNavigationViewController.m in Sources */,
				2B53EDD3190B88410057A654 /* ROCreateAlbumResponseItem.m in Sources */,
				2B53EDA3190B88410057A654 /* SBJSON.m in Sources */,
				2B53EDE1190B88410057A654 /* ROImageView.m in Sources */,
				2B53EDA6190B88410057A654 /* SBJsonWriter.m in Sources */,
				2B53EDC7190B88410057A654 /* ROPayDB.m in Sources */,
				2B53EDA8190B88410057A654 /* RenrenPay.m in Sources */,
				2B53EDD1190B88410057A654 /* ROUserInfoRequestParam.m in Sources */,
				2B53EDCD190B88410057A654 /* ROGetFriendsRequestParam.m in Sources */,
				2B53EDA0190B88410057A654 /* FMResultSet.m in Sources */,
				2BDBDC8C190A70D500BEFD09 /* main.m in Sources */,
				2B53EDA9190B88410057A654 /* ROBaseDialogViewController.m in Sources */,
				2B53EDD5190B88410057A654 /* ROPublishPhotoResponseItem.m in Sources */,
				2B53EDAB190B88410057A654 /* ROPayDialogViewController.m in Sources */,
				2B53EDDF190B88410057A654 /* ROCloseButton.m in Sources */,
				2B53EDC5190B88410057A654 /* ROPayNavigationViewController.m in Sources */,
				2B53EDAA190B88410057A654 /* ROCheckDialogViewController.m in Sources */,
				2B53EDDB190B88410057A654 /* ROCheckOrderCell.m in Sources */,
				2B53EDD4190B88410057A654 /* ROFriendResponseItem.m in Sources */,
				2BDBDC96190A70D500BEFD09 /* SDViewController.m in Sources */,
				2B53EDC9190B88410057A654 /* ROPayOrderInfo.m in Sources */,
				2B53EDCC190B88410057A654 /* ROGetFriendsInfoRequestParam.m in Sources */,
				2B53EDA5190B88410057A654 /* SBJsonParser.m in Sources */,
				2B53EDCB190B88410057A654 /* ROCreateAlbumRequestParam.m in Sources */,
				2BDBDC90190A70D500BEFD09 /* SDAppDelegate.m in Sources */,
				2B53EDDE190B88410057A654 /* RODialogView.m in Sources */,
				2B53EDA1190B88410057A654 /* NSObject+SBJSON.m in Sources */,
				2B53EDE2190B88410057A654 /* ROPublishPhotoDialogModel.m in Sources */,
				2B53EDC4190B88410057A654 /* ROCheckNavigationViewController.m in Sources */,
				2B53EDAE190B88410057A654 /* ROPayError.m in Sources */,
				2B53ED9E190B88410057A654 /* FMDatabase.m in Sources */,
				2B53EDD8190B88410057A654 /* RORequest.m in Sources */,
				2B53EDA4190B88410057A654 /* SBJsonBase.m in Sources */,
				2B53EDAC190B88410057A654 /* ROWebDialogViewController.m in Sources */,
				2B53EDE3190B88410057A654 /* ROPublishPhotoInternal.m in Sources */,
				2B53EDCF190B88410057A654 /* ROPublishPhotoRequestParam.m in Sources */,
				2B53EDAD190B88410057A654 /* ROError.m in Sources */,
				2B53EDD2190B88410057A654 /* ROAlbumResponseltem.m in Sources */,
				2B53EDD9190B88410057A654 /* ROResponse.m in Sources */,
				2B53EDC8190B88410057A654 /* ROPayOrderDao.m in Sources */,
				2B53EDA2190B88410057A654 /* NSString+SBJSON.m in Sources */,
				2B53EDD0190B88410057A654 /* RORequestParam.m in Sources */,
				2B53EDD7190B88410057A654 /* ROUserResponseItem.m in Sources */,
				2B53EDDD190B88410057A654 /* RODialogModel.m in Sources */,
				2B53EDD6190B88410057A654 /* ROResponseItem.m in Sources */,
				2B53EDCA190B88410057A654 /* ROAlbumsInfoRequestParam.m in Sources */,
				2B53EDDA190B88410057A654 /* ROUtility.m in Sources */,
				2B53EDA7190B88410057A654 /* Renren.m in Sources */,
				2B53EDCE190B88410057A654 /* ROPasswordFlowRequestParam.m in Sources */,
				2B53EDC3190B88410057A654 /* ROBaseNavigationViewController.m in Sources */,
				2B53ED9F190B88410057A654 /* FMDatabaseAdditions.m in Sources */,
				2B53EDE0190B88410057A654 /* ROGlobalStyle.m in Sources */,
			);
			runOnlyForDeploymentPostprocessing = 0;
		};
		2BDBDC99190A70D600BEFD09 /* Sources */ = {
			isa = PBXSourcesBuildPhase;
			buildActionMask = 2147483647;
			files = (
				2BDBDCAB190A70D600BEFD09 /* shudongTests.m in Sources */,
			);
			runOnlyForDeploymentPostprocessing = 0;
		};
/* End PBXSourcesBuildPhase section */

/* Begin PBXTargetDependency section */
		2BDBDCA3190A70D600BEFD09 /* PBXTargetDependency */ = {
			isa = PBXTargetDependency;
			target = 2BDBDC7B190A70D500BEFD09 /* shudong */;
			targetProxy = 2BDBDCA2190A70D600BEFD09 /* PBXContainerItemProxy */;
		};
/* End PBXTargetDependency section */

/* Begin PBXVariantGroup section */
		2BDBDC88190A70D500BEFD09 /* InfoPlist.strings */ = {
			isa = PBXVariantGroup;
			children = (
				2BDBDC89190A70D500BEFD09 /* en */,
			);
			name = InfoPlist.strings;
			sourceTree = "<group>";
		};
		2BDBDC91190A70D500BEFD09 /* Main.storyboard */ = {
			isa = PBXVariantGroup;
			children = (
				2BDBDC92190A70D500BEFD09 /* Base */,
			);
			name = Main.storyboard;
			sourceTree = "<group>";
		};
		2BDBDCA7190A70D600BEFD09 /* InfoPlist.strings */ = {
			isa = PBXVariantGroup;
			children = (
				2BDBDCA8190A70D600BEFD09 /* en */,
			);
			name = InfoPlist.strings;
			sourceTree = "<group>";
		};
/* End PBXVariantGroup section */

/* Begin XCBuildConfiguration section */
		2BDBDCAC190A70D600BEFD09 /* Debug */ = {
			isa = XCBuildConfiguration;
			buildSettings = {
				ALWAYS_SEARCH_USER_PATHS = NO;
				CLANG_CXX_LANGUAGE_STANDARD = "gnu++0x";
				CLANG_CXX_LIBRARY = "libc++";
				CLANG_ENABLE_MODULES = YES;
				CLANG_ENABLE_OBJC_ARC = YES;
				CLANG_WARN_BOOL_CONVERSION = YES;
				CLANG_WARN_CONSTANT_CONVERSION = YES;
				CLANG_WARN_DIRECT_OBJC_ISA_USAGE = YES_ERROR;
				CLANG_WARN_EMPTY_BODY = YES;
				CLANG_WARN_ENUM_CONVERSION = YES;
				CLANG_WARN_INT_CONVERSION = YES;
				CLANG_WARN_OBJC_ROOT_CLASS = YES_ERROR;
				CLANG_WARN__DUPLICATE_METHOD_MATCH = YES;
				"CODE_SIGN_IDENTITY[sdk=iphoneos*]" = "iPhone Developer";
				COPY_PHASE_STRIP = NO;
				GCC_C_LANGUAGE_STANDARD = gnu99;
				GCC_DYNAMIC_NO_PIC = NO;
				GCC_OPTIMIZATION_LEVEL = 0;
				GCC_PREPROCESSOR_DEFINITIONS = (
					"DEBUG=1",
					"$(inherited)",
				);
				GCC_SYMBOLS_PRIVATE_EXTERN = NO;
				GCC_WARN_64_TO_32_BIT_CONVERSION = YES;
				GCC_WARN_ABOUT_RETURN_TYPE = YES_ERROR;
				GCC_WARN_UNDECLARED_SELECTOR = YES;
				GCC_WARN_UNINITIALIZED_AUTOS = YES_AGGRESSIVE;
				GCC_WARN_UNUSED_FUNCTION = YES;
				GCC_WARN_UNUSED_VARIABLE = YES;
				IPHONEOS_DEPLOYMENT_TARGET = 6.1;
				ONLY_ACTIVE_ARCH = YES;
				SDKROOT = iphoneos;
			};
			name = Debug;
		};
		2BDBDCAD190A70D600BEFD09 /* Release */ = {
			isa = XCBuildConfiguration;
			buildSettings = {
				ALWAYS_SEARCH_USER_PATHS = NO;
				CLANG_CXX_LANGUAGE_STANDARD = "gnu++0x";
				CLANG_CXX_LIBRARY = "libc++";
				CLANG_ENABLE_MODULES = YES;
				CLANG_ENABLE_OBJC_ARC = YES;
				CLANG_WARN_BOOL_CONVERSION = YES;
				CLANG_WARN_CONSTANT_CONVERSION = YES;
				CLANG_WARN_DIRECT_OBJC_ISA_USAGE = YES_ERROR;
				CLANG_WARN_EMPTY_BODY = YES;
				CLANG_WARN_ENUM_CONVERSION = YES;
				CLANG_WARN_INT_CONVERSION = YES;
				CLANG_WARN_OBJC_ROOT_CLASS = YES_ERROR;
				CLANG_WARN__DUPLICATE_METHOD_MATCH = YES;
				"CODE_SIGN_IDENTITY[sdk=iphoneos*]" = "iPhone Developer";
				COPY_PHASE_STRIP = YES;
				ENABLE_NS_ASSERTIONS = NO;
				GCC_C_LANGUAGE_STANDARD = gnu99;
				GCC_WARN_64_TO_32_BIT_CONVERSION = YES;
				GCC_WARN_ABOUT_RETURN_TYPE = YES_ERROR;
				GCC_WARN_UNDECLARED_SELECTOR = YES;
				GCC_WARN_UNINITIALIZED_AUTOS = YES_AGGRESSIVE;
				GCC_WARN_UNUSED_FUNCTION = YES;
				GCC_WARN_UNUSED_VARIABLE = YES;
				IPHONEOS_DEPLOYMENT_TARGET = 6.1;
				SDKROOT = iphoneos;
				VALIDATE_PRODUCT = YES;
			};
			name = Release;
		};
		2BDBDCAF190A70D600BEFD09 /* Debug */ = {
			isa = XCBuildConfiguration;
			baseConfigurationReference = 6A55B3F1630C404793F4267D /* Pods.xcconfig */;
			buildSettings = {
				ASSETCATALOG_COMPILER_APPICON_NAME = AppIcon;
				ASSETCATALOG_COMPILER_LAUNCHIMAGE_NAME = LaunchImage;
				CODE_SIGN_IDENTITY = "iPhone Developer";
				GCC_PRECOMPILE_PREFIX_HEADER = YES;
				GCC_PREFIX_HEADER = "shudong/shudong-Prefix.pch";
				INFOPLIST_FILE = "shudong/shudong-Info.plist";
				IPHONEOS_DEPLOYMENT_TARGET = 6.1;
				PRODUCT_NAME = "$(TARGET_NAME)";
				TARGETED_DEVICE_FAMILY = 1;
				WRAPPER_EXTENSION = app;
			};
			name = Debug;
		};
		2BDBDCB0190A70D600BEFD09 /* Release */ = {
			isa = XCBuildConfiguration;
			baseConfigurationReference = 6A55B3F1630C404793F4267D /* Pods.xcconfig */;
			buildSettings = {
				ASSETCATALOG_COMPILER_APPICON_NAME = AppIcon;
				ASSETCATALOG_COMPILER_LAUNCHIMAGE_NAME = LaunchImage;
				CODE_SIGN_IDENTITY = "iPhone Developer";
				GCC_PRECOMPILE_PREFIX_HEADER = YES;
				GCC_PREFIX_HEADER = "shudong/shudong-Prefix.pch";
				INFOPLIST_FILE = "shudong/shudong-Info.plist";
				IPHONEOS_DEPLOYMENT_TARGET = 6.1;
				PRODUCT_NAME = "$(TARGET_NAME)";
				TARGETED_DEVICE_FAMILY = 1;
				WRAPPER_EXTENSION = app;
			};
			name = Release;
		};
		2BDBDCB2190A70D600BEFD09 /* Debug */ = {
			isa = XCBuildConfiguration;
			buildSettings = {
				BUNDLE_LOADER = "$(BUILT_PRODUCTS_DIR)/shudong.app/shudong";
				FRAMEWORK_SEARCH_PATHS = (
					"$(SDKROOT)/Developer/Library/Frameworks",
					"$(inherited)",
					"$(DEVELOPER_FRAMEWORKS_DIR)",
				);
				GCC_PRECOMPILE_PREFIX_HEADER = YES;
				GCC_PREFIX_HEADER = "shudong/shudong-Prefix.pch";
				GCC_PREPROCESSOR_DEFINITIONS = (
					"DEBUG=1",
					"$(inherited)",
				);
				INFOPLIST_FILE = "shudongTests/shudongTests-Info.plist";
				PRODUCT_NAME = "$(TARGET_NAME)";
				TEST_HOST = "$(BUNDLE_LOADER)";
				WRAPPER_EXTENSION = xctest;
			};
			name = Debug;
		};
		2BDBDCB3190A70D600BEFD09 /* Release */ = {
			isa = XCBuildConfiguration;
			buildSettings = {
				BUNDLE_LOADER = "$(BUILT_PRODUCTS_DIR)/shudong.app/shudong";
				FRAMEWORK_SEARCH_PATHS = (
					"$(SDKROOT)/Developer/Library/Frameworks",
					"$(inherited)",
					"$(DEVELOPER_FRAMEWORKS_DIR)",
				);
				GCC_PRECOMPILE_PREFIX_HEADER = YES;
				GCC_PREFIX_HEADER = "shudong/shudong-Prefix.pch";
				INFOPLIST_FILE = "shudongTests/shudongTests-Info.plist";
				PRODUCT_NAME = "$(TARGET_NAME)";
				TEST_HOST = "$(BUNDLE_LOADER)";
				WRAPPER_EXTENSION = xctest;
			};
			name = Release;
		};
/* End XCBuildConfiguration section */

/* Begin XCConfigurationList section */
		2BDBDC77190A70D500BEFD09 /* Build configuration list for PBXProject "shudong" */ = {
			isa = XCConfigurationList;
			buildConfigurations = (
				2BDBDCAC190A70D600BEFD09 /* Debug */,
				2BDBDCAD190A70D600BEFD09 /* Release */,
			);
			defaultConfigurationIsVisible = 0;
			defaultConfigurationName = Release;
		};
		2BDBDCAE190A70D600BEFD09 /* Build configuration list for PBXNativeTarget "shudong" */ = {
			isa = XCConfigurationList;
			buildConfigurations = (
				2BDBDCAF190A70D600BEFD09 /* Debug */,
				2BDBDCB0190A70D600BEFD09 /* Release */,
			);
			defaultConfigurationIsVisible = 0;
			defaultConfigurationName = Release;
		};
		2BDBDCB1190A70D600BEFD09 /* Build configuration list for PBXNativeTarget "shudongTests" */ = {
			isa = XCConfigurationList;
			buildConfigurations = (
				2BDBDCB2190A70D600BEFD09 /* Debug */,
				2BDBDCB3190A70D600BEFD09 /* Release */,
			);
			defaultConfigurationIsVisible = 0;
			defaultConfigurationName = Release;
		};
/* End XCConfigurationList section */
	};
	rootObject = 2BDBDC74190A70D500BEFD09 /* Project object */;
}
