// !$*UTF8*$!
{
	archiveVersion = 1;
	classes = {
	};
	objectVersion = 46;
	objects = {

/* Begin PBXBuildFile section */
		2BDBDC80190A70D500BEFD09 /* Foundation.framework in Frameworks */ = {isa = PBXBuildFile; fileRef = 2BDBDC7F190A70D500BEFD09 /* Foundation.framework */; };
		2BDBDC82190A70D500BEFD09 /* CoreGraphics.framework in Frameworks */ = {isa = PBXBuildFile; fileRef = 2BDBDC81190A70D500BEFD09 /* CoreGraphics.framework */; };
		2BDBDC84190A70D500BEFD09 /* UIKit.framework in Frameworks */ = {isa = PBXBuildFile; fileRef = 2BDBDC83190A70D500BEFD09 /* UIKit.framework */; };
		2BDBDC8A190A70D500BEFD09 /* InfoPlist.strings in Resources */ = {isa = PBXBuildFile; fileRef = 2BDBDC88190A70D500BEFD09 /* InfoPlist.strings */; };
		2BDBDC8C190A70D500BEFD09 /* main.m in Sources */ = {isa = PBXBuildFile; fileRef = 2BDBDC8B190A70D500BEFD09 /* main.m */; };
		2BDBDC90190A70D500BEFD09 /* SDAppDelegate.m in Sources */ = {isa = PBXBuildFile; fileRef = 2BDBDC8F190A70D500BEFD09 /* SDAppDelegate.m */; };
		2BDBDC93190A70D500BEFD09 /* Main.storyboard in Resources */ = {isa = PBXBuildFile; fileRef = 2BDBDC91190A70D500BEFD09 /* Main.storyboard */; };
		2BDBDC96190A70D500BEFD09 /* SDViewController.m in Sources */ = {isa = PBXBuildFile; fileRef = 2BDBDC95190A70D500BEFD09 /* SDViewController.m */; };
		2BDBDC98190A70D500BEFD09 /* Images.xcassets in Resources */ = {isa = PBXBuildFile; fileRef = 2BDBDC97190A70D500BEFD09 /* Images.xcassets */; };
		2BDBDC9F190A70D600BEFD09 /* XCTest.framework in Frameworks */ = {isa = PBXBuildFile; fileRef = 2BDBDC9E190A70D600BEFD09 /* XCTest.framework */; };
		2BDBDCA0190A70D600BEFD09 /* Foundation.framework in Frameworks */ = {isa = PBXBuildFile; fileRef = 2BDBDC7F190A70D500BEFD09 /* Foundation.framework */; };
		2BDBDCA1190A70D600BEFD09 /* UIKit.framework in Frameworks */ = {isa = PBXBuildFile; fileRef = 2BDBDC83190A70D500BEFD09 /* UIKit.framework */; };
		2BDBDCA9190A70D600BEFD09 /* InfoPlist.strings in Resources */ = {isa = PBXBuildFile; fileRef = 2BDBDCA7190A70D600BEFD09 /* InfoPlist.strings */; };
		2BDBDCAB190A70D600BEFD09 /* shudongTests.m in Sources */ = {isa = PBXBuildFile; fileRef = 2BDBDCAA190A70D600BEFD09 /* shudongTests.m */; };
/* End PBXBuildFile section */

/* Begin PBXContainerItemProxy section */
		2BDBDCA2190A70D600BEFD09 /* PBXContainerItemProxy */ = {
			isa = PBXContainerItemProxy;
			containerPortal = 2BDBDC74190A70D500BEFD09 /* Project object */;
			proxyType = 1;
			remoteGlobalIDString = 2BDBDC7B190A70D500BEFD09;
			remoteInfo = shudong;
		};
/* End PBXContainerItemProxy section */

/* Begin PBXFileReference section */
		2BDBDC7C190A70D500BEFD09 /* shudong.app */ = {isa = PBXFileReference; explicitFileType = wrapper.application; includeInIndex = 0; path = shudong.app; sourceTree = BUILT_PRODUCTS_DIR; };
		2BDBDC7F190A70D500BEFD09 /* Foundation.framework */ = {isa = PBXFileReference; lastKnownFileType = wrapper.framework; name = Foundation.framework; path = System/Library/Frameworks/Foundation.framework; sourceTree = SDKROOT; };
		2BDBDC81190A70D500BEFD09 /* CoreGraphics.framework */ = {isa = PBXFileReference; lastKnownFileType = wrapper.framework; name = CoreGraphics.framework; path = System/Library/Frameworks/CoreGraphics.framework; sourceTree = SDKROOT; };
		2BDBDC83190A70D500BEFD09 /* UIKit.framework */ = {isa = PBXFileReference; lastKnownFileType = wrapper.framework; name = UIKit.framework; path = System/Library/Frameworks/UIKit.framework; sourceTree = SDKROOT; };
		2BDBDC87190A70D500BEFD09 /* shudong-Info.plist */ = {isa = PBXFileReference; lastKnownFileType = text.plist.xml; path = "shudong-Info.plist"; sourceTree = "<group>"; };
		2BDBDC89190A70D500BEFD09 /* en */ = {isa = PBXFileReference; lastKnownFileType = text.plist.strings; name = en; path = en.lproj/InfoPlist.strings; sourceTree = "<group>"; };
		2BDBDC8B190A70D500BEFD09 /* main.m */ = {isa = PBXFileReference; lastKnownFileType = sourcecode.c.objc; path = main.m; sourceTree = "<group>"; };
		2BDBDC8D190A70D500BEFD09 /* shudong-Prefix.pch */ = {isa = PBXFileReference; lastKnownFileType = sourcecode.c.h; path = "shudong-Prefix.pch"; sourceTree = "<group>"; };
		2BDBDC8E190A70D500BEFD09 /* SDAppDelegate.h */ = {isa = PBXFileReference; lastKnownFileType = sourcecode.c.h; path = SDAppDelegate.h; sourceTree = "<group>"; };
		2BDBDC8F190A70D500BEFD09 /* SDAppDelegate.m */ = {isa = PBXFileReference; lastKnownFileType = sourcecode.c.objc; path = SDAppDelegate.m; sourceTree = "<group>"; };
		2BDBDC92190A70D500BEFD09 /* Base */ = {isa = PBXFileReference; lastKnownFileType = file.storyboard; name = Base; path = Base.lproj/Main.storyboard; sourceTree = "<group>"; };
		2BDBDC94190A70D500BEFD09 /* SDViewController.h */ = {isa = PBXFileReference; lastKnownFileType = sourcecode.c.h; path = SDViewController.h; sourceTree = "<group>"; };
		2BDBDC95190A70D500BEFD09 /* SDViewController.m */ = {isa = PBXFileReference; lastKnownFileType = sourcecode.c.objc; path = SDViewController.m; sourceTree = "<group>"; };
		2BDBDC97190A70D500BEFD09 /* Images.xcassets */ = {isa = PBXFileReference; lastKnownFileType = folder.assetcatalog; path = Images.xcassets; sourceTree = "<group>"; };
		2BDBDC9D190A70D600BEFD09 /* shudongTests.xctest */ = {isa = PBXFileReference; explicitFileType = wrapper.cfbundle; includeInIndex = 0; path = shudongTests.xctest; sourceTree = BUILT_PRODUCTS_DIR; };
		2BDBDC9E190A70D600BEFD09 /* XCTest.framework */ = {isa = PBXFileReference; lastKnownFileType = wrapper.framework; name = XCTest.framework; path = Library/Frameworks/XCTest.framework; sourceTree = DEVELOPER_DIR; };
		2BDBDCA6190A70D600BEFD09 /* shudongTests-Info.plist */ = {isa = PBXFileReference; lastKnownFileType = text.plist.xml; path = "shudongTests-Info.plist"; sourceTree = "<group>"; };
		2BDBDCA8190A70D600BEFD09 /* en */ = {isa = PBXFileReference; lastKnownFileType = text.plist.strings; name = en; path = en.lproj/InfoPlist.strings; sourceTree = "<group>"; };
		2BDBDCAA190A70D600BEFD09 /* shudongTests.m */ = {isa = PBXFileReference; lastKnownFileType = sourcecode.c.objc; path = shudongTests.m; sourceTree = "<group>"; };
/* End PBXFileReference section */

/* Begin PBXFrameworksBuildPhase section */
		2BDBDC79190A70D500BEFD09 /* Frameworks */ = {
			isa = PBXFrameworksBuildPhase;
			buildActionMask = 2147483647;
			files = (
				2BDBDC82190A70D500BEFD09 /* CoreGraphics.framework in Frameworks */,
				2BDBDC84190A70D500BEFD09 /* UIKit.framework in Frameworks */,
				2BDBDC80190A70D500BEFD09 /* Foundation.framework in Frameworks */,
			);
			runOnlyForDeploymentPostprocessing = 0;
		};
		2BDBDC9A190A70D600BEFD09 /* Frameworks */ = {
			isa = PBXFrameworksBuildPhase;
			buildActionMask = 2147483647;
			files = (
				2BDBDC9F190A70D600BEFD09 /* XCTest.framework in Frameworks */,
				2BDBDCA1190A70D600BEFD09 /* UIKit.framework in Frameworks */,
				2BDBDCA0190A70D600BEFD09 /* Foundation.framework in Frameworks */,
			);
			runOnlyForDeploymentPostprocessing = 0;
		};
/* End PBXFrameworksBuildPhase section */

/* Begin PBXGroup section */
		2BDBDC73190A70D500BEFD09 = {
			isa = PBXGroup;
			children = (
				2BDBDC85190A70D500BEFD09 /* shudong */,
				2BDBDCA4190A70D600BEFD09 /* shudongTests */,
				2BDBDC7E190A70D500BEFD09 /* Frameworks */,
				2BDBDC7D190A70D500BEFD09 /* Products */,
			);
			sourceTree = "<group>";
		};
		2BDBDC7D190A70D500BEFD09 /* Products */ = {
			isa = PBXGroup;
			children = (
				2BDBDC7C190A70D500BEFD09 /* shudong.app */,
				2BDBDC9D190A70D600BEFD09 /* shudongTests.xctest */,
			);
			name = Products;
			sourceTree = "<group>";
		};
		2BDBDC7E190A70D500BEFD09 /* Frameworks */ = {
			isa = PBXGroup;
			children = (
				2BDBDC7F190A70D500BEFD09 /* Foundation.framework */,
				2BDBDC81190A70D500BEFD09 /* CoreGraphics.framework */,
				2BDBDC83190A70D500BEFD09 /* UIKit.framework */,
				2BDBDC9E190A70D600BEFD09 /* XCTest.framework */,
			);
			name = Frameworks;
			sourceTree = "<group>";
		};
		2BDBDC85190A70D500BEFD09 /* shudong */ = {
			isa = PBXGroup;
			children = (
				2BDBDC8E190A70D500BEFD09 /* SDAppDelegate.h */,
				2BDBDC8F190A70D500BEFD09 /* SDAppDelegate.m */,
				2BDBDC91190A70D500BEFD09 /* Main.storyboard */,
				2BDBDC94190A70D500BEFD09 /* SDViewController.h */,
				2BDBDC95190A70D500BEFD09 /* SDViewController.m */,
				2BDBDC97190A70D500BEFD09 /* Images.xcassets */,
				2BDBDC86190A70D500BEFD09 /* Supporting Files */,
			);
			path = shudong;
			sourceTree = "<group>";
		};
		2BDBDC86190A70D500BEFD09 /* Supporting Files */ = {
			isa = PBXGroup;
			children = (
				2BDBDC87190A70D500BEFD09 /* shudong-Info.plist */,
				2BDBDC88190A70D500BEFD09 /* InfoPlist.strings */,
				2BDBDC8B190A70D500BEFD09 /* main.m */,
				2BDBDC8D190A70D500BEFD09 /* shudong-Prefix.pch */,
			);
			name = "Supporting Files";
			sourceTree = "<group>";
		};
		2BDBDCA4190A70D600BEFD09 /* shudongTests */ = {
			isa = PBXGroup;
			children = (
				2BDBDCAA190A70D600BEFD09 /* shudongTests.m */,
				2BDBDCA5190A70D600BEFD09 /* Supporting Files */,
			);
			path = shudongTests;
			sourceTree = "<group>";
		};
		2BDBDCA5190A70D600BEFD09 /* Supporting Files */ = {
			isa = PBXGroup;
			children = (
				2BDBDCA6190A70D600BEFD09 /* shudongTests-Info.plist */,
				2BDBDCA7190A70D600BEFD09 /* InfoPlist.strings */,
			);
			name = "Supporting Files";
			sourceTree = "<group>";
		};
/* End PBXGroup section */

/* Begin PBXNativeTarget section */
		2BDBDC7B190A70D500BEFD09 /* shudong */ = {
			isa = PBXNativeTarget;
			buildConfigurationList = 2BDBDCAE190A70D600BEFD09 /* Build configuration list for PBXNativeTarget "shudong" */;
			buildPhases = (
				2BDBDC78190A70D500BEFD09 /* Sources */,
				2BDBDC79190A70D500BEFD09 /* Frameworks */,
				2BDBDC7A190A70D500BEFD09 /* Resources */,
			);
			buildRules = (
			);
			dependencies = (
			);
			name = shudong;
			productName = shudong;
			productReference = 2BDBDC7C190A70D500BEFD09 /* shudong.app */;
			productType = "com.apple.product-type.application";
		};
		2BDBDC9C190A70D600BEFD09 /* shudongTests */ = {
			isa = PBXNativeTarget;
			buildConfigurationList = 2BDBDCB1190A70D600BEFD09 /* Build configuration list for PBXNativeTarget "shudongTests" */;
			buildPhases = (
				2BDBDC99190A70D600BEFD09 /* Sources */,
				2BDBDC9A190A70D600BEFD09 /* Frameworks */,
				2BDBDC9B190A70D600BEFD09 /* Resources */,
			);
			buildRules = (
			);
			dependencies = (
				2BDBDCA3190A70D600BEFD09 /* PBXTargetDependency */,
			);
			name = shudongTests;
			productName = shudongTests;
			productReference = 2BDBDC9D190A70D600BEFD09 /* shudongTests.xctest */;
			productType = "com.apple.product-type.bundle.unit-test";
		};
/* End PBXNativeTarget section */

/* Begin PBXProject section */
		2BDBDC74190A70D500BEFD09 /* Project object */ = {
			isa = PBXProject;
			attributes = {
				CLASSPREFIX = SD;
				LastUpgradeCheck = 0510;
				ORGANIZATIONNAME = 1xiustudio;
				TargetAttributes = {
					2BDBDC9C190A70D600BEFD09 = {
						TestTargetID = 2BDBDC7B190A70D500BEFD09;
					};
				};
			};
			buildConfigurationList = 2BDBDC77190A70D500BEFD09 /* Build configuration list for PBXProject "shudong" */;
			compatibilityVersion = "Xcode 3.2";
			developmentRegion = English;
			hasScannedForEncodings = 0;
			knownRegions = (
				en,
				Base,
			);
			mainGroup = 2BDBDC73190A70D500BEFD09;
			productRefGroup = 2BDBDC7D190A70D500BEFD09 /* Products */;
			projectDirPath = "";
			projectRoot = "";
			targets = (
				2BDBDC7B190A70D500BEFD09 /* shudong */,
				2BDBDC9C190A70D600BEFD09 /* shudongTests */,
			);
		};
/* End PBXProject section */

/* Begin PBXResourcesBuildPhase section */
		2BDBDC7A190A70D500BEFD09 /* Resources */ = {
			isa = PBXResourcesBuildPhase;
			buildActionMask = 2147483647;
			files = (
				2BDBDC98190A70D500BEFD09 /* Images.xcassets in Resources */,
				2BDBDC8A190A70D500BEFD09 /* InfoPlist.strings in Resources */,
				2BDBDC93190A70D500BEFD09 /* Main.storyboard in Resources */,
			);
			runOnlyForDeploymentPostprocessing = 0;
		};
		2BDBDC9B190A70D600BEFD09 /* Resources */ = {
			isa = PBXResourcesBuildPhase;
			buildActionMask = 2147483647;
			files = (
				2BDBDCA9190A70D600BEFD09 /* InfoPlist.strings in Resources */,
			);
			runOnlyForDeploymentPostprocessing = 0;
		};
/* End PBXResourcesBuildPhase section */

/* Begin PBXSourcesBuildPhase section */
		2BDBDC78190A70D500BEFD09 /* Sources */ = {
			isa = PBXSourcesBuildPhase;
			buildActionMask = 2147483647;
			files = (
				2BDBDC8C190A70D500BEFD09 /* main.m in Sources */,
				2BDBDC96190A70D500BEFD09 /* SDViewController.m in Sources */,
				2BDBDC90190A70D500BEFD09 /* SDAppDelegate.m in Sources */,
			);
			runOnlyForDeploymentPostprocessing = 0;
		};
		2BDBDC99190A70D600BEFD09 /* Sources */ = {
			isa = PBXSourcesBuildPhase;
			buildActionMask = 2147483647;
			files = (
				2BDBDCAB190A70D600BEFD09 /* shudongTests.m in Sources */,
			);
			runOnlyForDeploymentPostprocessing = 0;
		};
/* End PBXSourcesBuildPhase section */

/* Begin PBXTargetDependency section */
		2BDBDCA3190A70D600BEFD09 /* PBXTargetDependency */ = {
			isa = PBXTargetDependency;
			target = 2BDBDC7B190A70D500BEFD09 /* shudong */;
			targetProxy = 2BDBDCA2190A70D600BEFD09 /* PBXContainerItemProxy */;
		};
/* End PBXTargetDependency section */

/* Begin PBXVariantGroup section */
		2BDBDC88190A70D500BEFD09 /* InfoPlist.strings */ = {
			isa = PBXVariantGroup;
			children = (
				2BDBDC89190A70D500BEFD09 /* en */,
			);
			name = InfoPlist.strings;
			sourceTree = "<group>";
		};
		2BDBDC91190A70D500BEFD09 /* Main.storyboard */ = {
			isa = PBXVariantGroup;
			children = (
				2BDBDC92190A70D500BEFD09 /* Base */,
			);
			name = Main.storyboard;
			sourceTree = "<group>";
		};
		2BDBDCA7190A70D600BEFD09 /* InfoPlist.strings */ = {
			isa = PBXVariantGroup;
			children = (
				2BDBDCA8190A70D600BEFD09 /* en */,
			);
			name = InfoPlist.strings;
			sourceTree = "<group>";
		};
/* End PBXVariantGroup section */

/* Begin XCBuildConfiguration section */
		2BDBDCAC190A70D600BEFD09 /* Debug */ = {
			isa = XCBuildConfiguration;
			buildSettings = {
				ALWAYS_SEARCH_USER_PATHS = NO;
				CLANG_CXX_LANGUAGE_STANDARD = "gnu++0x";
				CLANG_CXX_LIBRARY = "libc++";
				CLANG_ENABLE_MODULES = YES;
				CLANG_ENABLE_OBJC_ARC = YES;
				CLANG_WARN_BOOL_CONVERSION = YES;
				CLANG_WARN_CONSTANT_CONVERSION = YES;
				CLANG_WARN_DIRECT_OBJC_ISA_USAGE = YES_ERROR;
				CLANG_WARN_EMPTY_BODY = YES;
				CLANG_WARN_ENUM_CONVERSION = YES;
				CLANG_WARN_INT_CONVERSION = YES;
				CLANG_WARN_OBJC_ROOT_CLASS = YES_ERROR;
				CLANG_WARN__DUPLICATE_METHOD_MATCH = YES;
				"CODE_SIGN_IDENTITY[sdk=iphoneos*]" = "iPhone Developer";
				COPY_PHASE_STRIP = NO;
				GCC_C_LANGUAGE_STANDARD = gnu99;
				GCC_DYNAMIC_NO_PIC = NO;
				GCC_OPTIMIZATION_LEVEL = 0;
				GCC_PREPROCESSOR_DEFINITIONS = (
					"DEBUG=1",
					"$(inherited)",
				);
				GCC_SYMBOLS_PRIVATE_EXTERN = NO;
				GCC_WARN_64_TO_32_BIT_CONVERSION = YES;
				GCC_WARN_ABOUT_RETURN_TYPE = YES_ERROR;
				GCC_WARN_UNDECLARED_SELECTOR = YES;
				GCC_WARN_UNINITIALIZED_AUTOS = YES_AGGRESSIVE;
				GCC_WARN_UNUSED_FUNCTION = YES;
				GCC_WARN_UNUSED_VARIABLE = YES;
				IPHONEOS_DEPLOYMENT_TARGET = 7.1;
				ONLY_ACTIVE_ARCH = YES;
				SDKROOT = iphoneos;
			};
			name = Debug;
		};
		2BDBDCAD190A70D600BEFD09 /* Release */ = {
			isa = XCBuildConfiguration;
			buildSettings = {
				ALWAYS_SEARCH_USER_PATHS = NO;
				CLANG_CXX_LANGUAGE_STANDARD = "gnu++0x";
				CLANG_CXX_LIBRARY = "libc++";
				CLANG_ENABLE_MODULES = YES;
				CLANG_ENABLE_OBJC_ARC = YES;
				CLANG_WARN_BOOL_CONVERSION = YES;
				CLANG_WARN_CONSTANT_CONVERSION = YES;
				CLANG_WARN_DIRECT_OBJC_ISA_USAGE = YES_ERROR;
				CLANG_WARN_EMPTY_BODY = YES;
				CLANG_WARN_ENUM_CONVERSION = YES;
				CLANG_WARN_INT_CONVERSION = YES;
				CLANG_WARN_OBJC_ROOT_CLASS = YES_ERROR;
				CLANG_WARN__DUPLICATE_METHOD_MATCH = YES;
				"CODE_SIGN_IDENTITY[sdk=iphoneos*]" = "iPhone Developer";
				COPY_PHASE_STRIP = YES;
				ENABLE_NS_ASSERTIONS = NO;
				GCC_C_LANGUAGE_STANDARD = gnu99;
				GCC_WARN_64_TO_32_BIT_CONVERSION = YES;
				GCC_WARN_ABOUT_RETURN_TYPE = YES_ERROR;
				GCC_WARN_UNDECLARED_SELECTOR = YES;
				GCC_WARN_UNINITIALIZED_AUTOS = YES_AGGRESSIVE;
				GCC_WARN_UNUSED_FUNCTION = YES;
				GCC_WARN_UNUSED_VARIABLE = YES;
				IPHONEOS_DEPLOYMENT_TARGET = 7.1;
				SDKROOT = iphoneos;
				VALIDATE_PRODUCT = YES;
			};
			name = Release;
		};
		2BDBDCAF190A70D600BEFD09 /* Debug */ = {
			isa = XCBuildConfiguration;
			buildSettings = {
				ASSETCATALOG_COMPILER_APPICON_NAME = AppIcon;
				ASSETCATALOG_COMPILER_LAUNCHIMAGE_NAME = LaunchImage;
				GCC_PRECOMPILE_PREFIX_HEADER = YES;
				GCC_PREFIX_HEADER = "shudong/shudong-Prefix.pch";
				INFOPLIST_FILE = "shudong/shudong-Info.plist";
				PRODUCT_NAME = "$(TARGET_NAME)";
				WRAPPER_EXTENSION = app;
			};
			name = Debug;
		};
		2BDBDCB0190A70D600BEFD09 /* Release */ = {
			isa = XCBuildConfiguration;
			buildSettings = {
				ASSETCATALOG_COMPILER_APPICON_NAME = AppIcon;
				ASSETCATALOG_COMPILER_LAUNCHIMAGE_NAME = LaunchImage;
				GCC_PRECOMPILE_PREFIX_HEADER = YES;
				GCC_PREFIX_HEADER = "shudong/shudong-Prefix.pch";
				INFOPLIST_FILE = "shudong/shudong-Info.plist";
				PRODUCT_NAME = "$(TARGET_NAME)";
				WRAPPER_EXTENSION = app;
			};
			name = Release;
		};
		2BDBDCB2190A70D600BEFD09 /* Debug */ = {
			isa = XCBuildConfiguration;
			buildSettings = {
				BUNDLE_LOADER = "$(BUILT_PRODUCTS_DIR)/shudong.app/shudong";
				FRAMEWORK_SEARCH_PATHS = (
					"$(SDKROOT)/Developer/Library/Frameworks",
					"$(inherited)",
					"$(DEVELOPER_FRAMEWORKS_DIR)",
				);
				GCC_PRECOMPILE_PREFIX_HEADER = YES;
				GCC_PREFIX_HEADER = "shudong/shudong-Prefix.pch";
				GCC_PREPROCESSOR_DEFINITIONS = (
					"DEBUG=1",
					"$(inherited)",
				);
				INFOPLIST_FILE = "shudongTests/shudongTests-Info.plist";
				PRODUCT_NAME = "$(TARGET_NAME)";
				TEST_HOST = "$(BUNDLE_LOADER)";
				WRAPPER_EXTENSION = xctest;
			};
			name = Debug;
		};
		2BDBDCB3190A70D600BEFD09 /* Release */ = {
			isa = XCBuildConfiguration;
			buildSettings = {
				BUNDLE_LOADER = "$(BUILT_PRODUCTS_DIR)/shudong.app/shudong";
				FRAMEWORK_SEARCH_PATHS = (
					"$(SDKROOT)/Developer/Library/Frameworks",
					"$(inherited)",
					"$(DEVELOPER_FRAMEWORKS_DIR)",
				);
				GCC_PRECOMPILE_PREFIX_HEADER = YES;
				GCC_PREFIX_HEADER = "shudong/shudong-Prefix.pch";
				INFOPLIST_FILE = "shudongTests/shudongTests-Info.plist";
				PRODUCT_NAME = "$(TARGET_NAME)";
				TEST_HOST = "$(BUNDLE_LOADER)";
				WRAPPER_EXTENSION = xctest;
			};
			name = Release;
		};
/* End XCBuildConfiguration section */

/* Begin XCConfigurationList section */
		2BDBDC77190A70D500BEFD09 /* Build configuration list for PBXProject "shudong" */ = {
			isa = XCConfigurationList;
			buildConfigurations = (
				2BDBDCAC190A70D600BEFD09 /* Debug */,
				2BDBDCAD190A70D600BEFD09 /* Release */,
			);
			defaultConfigurationIsVisible = 0;
			defaultConfigurationName = Release;
		};
		2BDBDCAE190A70D600BEFD09 /* Build configuration list for PBXNativeTarget "shudong" */ = {
			isa = XCConfigurationList;
			buildConfigurations = (
				2BDBDCAF190A70D600BEFD09 /* Debug */,
				2BDBDCB0190A70D600BEFD09 /* Release */,
			);
			defaultConfigurationIsVisible = 0;
		};
		2BDBDCB1190A70D600BEFD09 /* Build configuration list for PBXNativeTarget "shudongTests" */ = {
			isa = XCConfigurationList;
			buildConfigurations = (
				2BDBDCB2190A70D600BEFD09 /* Debug */,
				2BDBDCB3190A70D600BEFD09 /* Release */,
			);
			defaultConfigurationIsVisible = 0;
		};
/* End XCConfigurationList section */
	};
	rootObject = 2BDBDC74190A70D500BEFD09 /* Project object */;
}
